// !$*UTF8*$!
{
	archiveVersion = 1;
	classes = {
	};
	objectVersion = 56;
	objects = {

/* Begin PBXBuildFile section */
		0116AE872A06A9E500E1749C /* Auth.swift in Sources */ = {isa = PBXBuildFile; fileRef = 0116AE862A06A9E500E1749C /* Auth.swift */; };
		012902ED2A3DE92400DC5712 /* StravaAuth.swift in Sources */ = {isa = PBXBuildFile; fileRef = 012902EC2A3DE92400DC5712 /* StravaAuth.swift */; };
		012902F32A3DEA0A00DC5712 /* Alamofire in Frameworks */ = {isa = PBXBuildFile; productRef = 012902F22A3DEA0A00DC5712 /* Alamofire */; };
		012902F82A3E062D00DC5712 /* StravaApi.swift in Sources */ = {isa = PBXBuildFile; fileRef = 012902F72A3E062D00DC5712 /* StravaApi.swift */; };
		012903222A3E3DF600DC5712 /* OAuth2 in Frameworks */ = {isa = PBXBuildFile; productRef = 012903212A3E3DF600DC5712 /* OAuth2 */; };
		012903242A3E3FB900DC5712 /* OAuth2RetryHandler.swift in Sources */ = {isa = PBXBuildFile; fileRef = 012903232A3E3FB900DC5712 /* OAuth2RetryHandler.swift */; };
		013C51E329F5A7EF006AF055 /* DashboardView.swift in Sources */ = {isa = PBXBuildFile; fileRef = 013C51E229F5A7EF006AF055 /* DashboardView.swift */; };
		013C51E729F5A811006AF055 /* Dashboard.swift in Sources */ = {isa = PBXBuildFile; fileRef = 013C51E629F5A811006AF055 /* Dashboard.swift */; };
		0166005F2A3F9A1300E5E2F8 /* EditHub.swift in Sources */ = {isa = PBXBuildFile; fileRef = 0166005E2A3F9A1300E5E2F8 /* EditHub.swift */; };
		016600612A3F9A2A00E5E2F8 /* Selector.swift in Sources */ = {isa = PBXBuildFile; fileRef = 016600602A3F9A2A00E5E2F8 /* Selector.swift */; };
		016600642A40F5D900E5E2F8 /* CSVParser in Frameworks */ = {isa = PBXBuildFile; productRef = 016600632A40F5D900E5E2F8 /* CSVParser */; };
		016600672A424F4300E5E2F8 /* DataTransformer.swift in Sources */ = {isa = PBXBuildFile; fileRef = 016600662A424F4300E5E2F8 /* DataTransformer.swift */; };
		0166006B2A42630D00E5E2F8 /* DataSource.swift in Sources */ = {isa = PBXBuildFile; fileRef = 0166006A2A42630D00E5E2F8 /* DataSource.swift */; };
		01A0E7F629F9224E0080E576 /* ChartView.swift in Sources */ = {isa = PBXBuildFile; fileRef = 01A0E7F529F9224E0080E576 /* ChartView.swift */; };
		01A0E7F829F922D20080E576 /* ChartItem.swift in Sources */ = {isa = PBXBuildFile; fileRef = 01A0E7F729F922D20080E576 /* ChartItem.swift */; };
		01D046CB2A3F2013004AF3F0 /* LoginView.swift in Sources */ = {isa = PBXBuildFile; fileRef = 01D046CA2A3F2013004AF3F0 /* LoginView.swift */; };
		01D046CD2A3F2F3D004AF3F0 /* ChartEditorView.swift in Sources */ = {isa = PBXBuildFile; fileRef = 01D046CC2A3F2F3D004AF3F0 /* ChartEditorView.swift */; };
		01D046CF2A3F5E3D004AF3F0 /* Activity.swift in Sources */ = {isa = PBXBuildFile; fileRef = 01D046CE2A3F5E3D004AF3F0 /* Activity.swift */; };
		01DAB4F22A3D048500752073 /* DuckDB in Frameworks */ = {isa = PBXBuildFile; productRef = 01DAB4F12A3D048500752073 /* DuckDB */; };
		01DF42FC29F545790066F88F /* DataMobileUIApp.swift in Sources */ = {isa = PBXBuildFile; fileRef = 01DF42FB29F545790066F88F /* DataMobileUIApp.swift */; };
		01DF42FE29F545790066F88F /* ContentView.swift in Sources */ = {isa = PBXBuildFile; fileRef = 01DF42FD29F545790066F88F /* ContentView.swift */; };
		01DF430029F5457B0066F88F /* Assets.xcassets in Resources */ = {isa = PBXBuildFile; fileRef = 01DF42FF29F5457B0066F88F /* Assets.xcassets */; };
		01DF430329F5457B0066F88F /* Preview Assets.xcassets in Resources */ = {isa = PBXBuildFile; fileRef = 01DF430229F5457B0066F88F /* Preview Assets.xcassets */; };
/* End PBXBuildFile section */

/* Begin PBXCopyFilesBuildPhase section */
		012903132A3E332300DC5712 /* Copy Frameworks */ = {
			isa = PBXCopyFilesBuildPhase;
			buildActionMask = 2147483647;
			dstPath = "";
			dstSubfolderSpec = 10;
			files = (
			);
			name = "Copy Frameworks";
			runOnlyForDeploymentPostprocessing = 0;
		};
/* End PBXCopyFilesBuildPhase section */

/* Begin PBXFileReference section */
		0116AE862A06A9E500E1749C /* Auth.swift */ = {isa = PBXFileReference; lastKnownFileType = sourcecode.swift; path = Auth.swift; sourceTree = "<group>"; };
		012902EC2A3DE92400DC5712 /* StravaAuth.swift */ = {isa = PBXFileReference; lastKnownFileType = sourcecode.swift; path = StravaAuth.swift; sourceTree = "<group>"; };
		012902F72A3E062D00DC5712 /* StravaApi.swift */ = {isa = PBXFileReference; lastKnownFileType = sourcecode.swift; path = StravaApi.swift; sourceTree = "<group>"; };
		012903232A3E3FB900DC5712 /* OAuth2RetryHandler.swift */ = {isa = PBXFileReference; lastKnownFileType = sourcecode.swift; path = OAuth2RetryHandler.swift; sourceTree = "<group>"; };
		013C51E229F5A7EF006AF055 /* DashboardView.swift */ = {isa = PBXFileReference; lastKnownFileType = sourcecode.swift; path = DashboardView.swift; sourceTree = "<group>"; };
		013C51E629F5A811006AF055 /* Dashboard.swift */ = {isa = PBXFileReference; lastKnownFileType = sourcecode.swift; path = Dashboard.swift; sourceTree = "<group>"; };
		0166005E2A3F9A1300E5E2F8 /* EditHub.swift */ = {isa = PBXFileReference; lastKnownFileType = sourcecode.swift; path = EditHub.swift; sourceTree = "<group>"; };
		016600602A3F9A2A00E5E2F8 /* Selector.swift */ = {isa = PBXFileReference; lastKnownFileType = sourcecode.swift; path = Selector.swift; sourceTree = "<group>"; };
		016600662A424F4300E5E2F8 /* DataTransformer.swift */ = {isa = PBXFileReference; lastKnownFileType = sourcecode.swift; path = DataTransformer.swift; sourceTree = "<group>"; };
		0166006A2A42630D00E5E2F8 /* DataSource.swift */ = {isa = PBXFileReference; lastKnownFileType = sourcecode.swift; path = DataSource.swift; sourceTree = "<group>"; };
		01A0E7F529F9224E0080E576 /* ChartView.swift */ = {isa = PBXFileReference; lastKnownFileType = sourcecode.swift; path = ChartView.swift; sourceTree = "<group>"; };
		01A0E7F729F922D20080E576 /* ChartItem.swift */ = {isa = PBXFileReference; lastKnownFileType = sourcecode.swift; path = ChartItem.swift; sourceTree = "<group>"; };
		01AC30DB2A0B0E3600AE01BE /* Info.plist */ = {isa = PBXFileReference; lastKnownFileType = text.plist; path = Info.plist; sourceTree = "<group>"; };
		01D046CA2A3F2013004AF3F0 /* LoginView.swift */ = {isa = PBXFileReference; lastKnownFileType = sourcecode.swift; path = LoginView.swift; sourceTree = "<group>"; };
		01D046CC2A3F2F3D004AF3F0 /* ChartEditorView.swift */ = {isa = PBXFileReference; lastKnownFileType = sourcecode.swift; path = ChartEditorView.swift; sourceTree = "<group>"; };
		01D046CE2A3F5E3D004AF3F0 /* Activity.swift */ = {isa = PBXFileReference; lastKnownFileType = sourcecode.swift; path = Activity.swift; sourceTree = "<group>"; };
		01DF42F829F545790066F88F /* DataMobileUI.app */ = {isa = PBXFileReference; explicitFileType = wrapper.application; includeInIndex = 0; path = DataMobileUI.app; sourceTree = BUILT_PRODUCTS_DIR; };
		01DF42FB29F545790066F88F /* DataMobileUIApp.swift */ = {isa = PBXFileReference; lastKnownFileType = sourcecode.swift; path = DataMobileUIApp.swift; sourceTree = "<group>"; };
		01DF42FD29F545790066F88F /* ContentView.swift */ = {isa = PBXFileReference; lastKnownFileType = sourcecode.swift; path = ContentView.swift; sourceTree = "<group>"; };
		01DF42FF29F5457B0066F88F /* Assets.xcassets */ = {isa = PBXFileReference; lastKnownFileType = folder.assetcatalog; path = Assets.xcassets; sourceTree = "<group>"; };
		01DF430229F5457B0066F88F /* Preview Assets.xcassets */ = {isa = PBXFileReference; lastKnownFileType = folder.assetcatalog; path = "Preview Assets.xcassets"; sourceTree = "<group>"; };
/* End PBXFileReference section */

/* Begin PBXFrameworksBuildPhase section */
		01DF42F529F545790066F88F /* Frameworks */ = {
			isa = PBXFrameworksBuildPhase;
			buildActionMask = 2147483647;
			files = (
				012903222A3E3DF600DC5712 /* OAuth2 in Frameworks */,
				012902F32A3DEA0A00DC5712 /* Alamofire in Frameworks */,
				016600642A40F5D900E5E2F8 /* CSVParser in Frameworks */,
				01DAB4F22A3D048500752073 /* DuckDB in Frameworks */,
			);
			runOnlyForDeploymentPostprocessing = 0;
		};
/* End PBXFrameworksBuildPhase section */

/* Begin PBXGroup section */
		012902EA2A3DE8F000DC5712 /* Api */ = {
			isa = PBXGroup;
			children = (
				012902EB2A3DE8FC00DC5712 /* Strava */,
			);
			path = Api;
			sourceTree = "<group>";
		};
		012902EB2A3DE8FC00DC5712 /* Strava */ = {
			isa = PBXGroup;
			children = (
				012902F42A3E04FB00DC5712 /* OAuth */,
				012902F72A3E062D00DC5712 /* StravaApi.swift */,
				01D046CE2A3F5E3D004AF3F0 /* Activity.swift */,
			);
			path = Strava;
			sourceTree = "<group>";
		};
		012902F42A3E04FB00DC5712 /* OAuth */ = {
			isa = PBXGroup;
			children = (
				012902EC2A3DE92400DC5712 /* StravaAuth.swift */,
				012903232A3E3FB900DC5712 /* OAuth2RetryHandler.swift */,
			);
			path = OAuth;
			sourceTree = "<group>";
		};
		0129030F2A3E324C00DC5712 /* Frameworks */ = {
			isa = PBXGroup;
			children = (
			);
			name = Frameworks;
			sourceTree = "<group>";
		};
		013C51E129F5A7DE006AF055 /* View */ = {
			isa = PBXGroup;
			children = (
				01DF42FD29F545790066F88F /* ContentView.swift */,
				013C51E229F5A7EF006AF055 /* DashboardView.swift */,
				01A0E7F529F9224E0080E576 /* ChartView.swift */,
				01D046CA2A3F2013004AF3F0 /* LoginView.swift */,
				01D046CC2A3F2F3D004AF3F0 /* ChartEditorView.swift */,
				0166005E2A3F9A1300E5E2F8 /* EditHub.swift */,
				016600602A3F9A2A00E5E2F8 /* Selector.swift */,
			);
			path = View;
			sourceTree = "<group>";
		};
		013C51E529F5A801006AF055 /* Model */ = {
			isa = PBXGroup;
			children = (
				013C51E629F5A811006AF055 /* Dashboard.swift */,
				01A0E7F729F922D20080E576 /* ChartItem.swift */,
				0116AE862A06A9E500E1749C /* Auth.swift */,
			);
			path = Model;
			sourceTree = "<group>";
		};
		016600652A424F1700E5E2F8 /* DataTransformer */ = {
			isa = PBXGroup;
			children = (
				016600662A424F4300E5E2F8 /* DataTransformer.swift */,
				0166006A2A42630D00E5E2F8 /* DataSource.swift */,
			);
			path = DataTransformer;
			sourceTree = "<group>";
		};
		01DF42EF29F545790066F88F = {
			isa = PBXGroup;
			children = (
				01DF42FA29F545790066F88F /* DataMobileUI */,
				01DF42F929F545790066F88F /* Products */,
				0129030F2A3E324C00DC5712 /* Frameworks */,
			);
			sourceTree = "<group>";
		};
		01DF42F929F545790066F88F /* Products */ = {
			isa = PBXGroup;
			children = (
				01DF42F829F545790066F88F /* DataMobileUI.app */,
			);
			name = Products;
			sourceTree = "<group>";
		};
		01DF42FA29F545790066F88F /* DataMobileUI */ = {
			isa = PBXGroup;
			children = (
				016600652A424F1700E5E2F8 /* DataTransformer */,
				012902EA2A3DE8F000DC5712 /* Api */,
				01AC30DB2A0B0E3600AE01BE /* Info.plist */,
				013C51E529F5A801006AF055 /* Model */,
				013C51E129F5A7DE006AF055 /* View */,
				01DF42FB29F545790066F88F /* DataMobileUIApp.swift */,
				01DF42FF29F5457B0066F88F /* Assets.xcassets */,
				01DF430129F5457B0066F88F /* Preview Content */,
			);
			path = DataMobileUI;
			sourceTree = "<group>";
		};
		01DF430129F5457B0066F88F /* Preview Content */ = {
			isa = PBXGroup;
			children = (
				01DF430229F5457B0066F88F /* Preview Assets.xcassets */,
			);
			path = "Preview Content";
			sourceTree = "<group>";
		};
/* End PBXGroup section */

/* Begin PBXNativeTarget section */
		01DF42F729F545790066F88F /* DataMobileUI */ = {
			isa = PBXNativeTarget;
			buildConfigurationList = 01DF430629F5457B0066F88F /* Build configuration list for PBXNativeTarget "DataMobileUI" */;
			buildPhases = (
				01DF42F429F545790066F88F /* Sources */,
				01DF42F529F545790066F88F /* Frameworks */,
				01DF42F629F545790066F88F /* Resources */,
				012903132A3E332300DC5712 /* Copy Frameworks */,
			);
			buildRules = (
			);
			dependencies = (
			);
			name = DataMobileUI;
			packageProductDependencies = (
				01DAB4F12A3D048500752073 /* DuckDB */,
				012902F22A3DEA0A00DC5712 /* Alamofire */,
				012903212A3E3DF600DC5712 /* OAuth2 */,
				016600632A40F5D900E5E2F8 /* CSVParser */,
			);
			productName = DataMobileUI;
			productReference = 01DF42F829F545790066F88F /* DataMobileUI.app */;
			productType = "com.apple.product-type.application";
		};
/* End PBXNativeTarget section */

/* Begin PBXProject section */
		01DF42F029F545790066F88F /* Project object */ = {
			isa = PBXProject;
			attributes = {
				BuildIndependentTargetsInParallel = 1;
				LastSwiftUpdateCheck = 1420;
				LastUpgradeCheck = 1420;
				TargetAttributes = {
					01DF42F729F545790066F88F = {
						CreatedOnToolsVersion = 14.2;
					};
				};
			};
			buildConfigurationList = 01DF42F329F545790066F88F /* Build configuration list for PBXProject "DataMobileUI" */;
			compatibilityVersion = "Xcode 14.0";
			developmentRegion = en;
			hasScannedForEncodings = 0;
			knownRegions = (
				en,
				Base,
			);
			mainGroup = 01DF42EF29F545790066F88F;
			packageReferences = (
				01DAB4F02A3D048400752073 /* XCRemoteSwiftPackageReference "duckdb-swift" */,
				012902F12A3DEA0A00DC5712 /* XCRemoteSwiftPackageReference "Alamofire" */,
				012903202A3E3DF600DC5712 /* XCRemoteSwiftPackageReference "OAuth2" */,
				016600622A40F5D900E5E2F8 /* XCRemoteSwiftPackageReference "CSVParser" */,
			);
			productRefGroup = 01DF42F929F545790066F88F /* Products */;
			projectDirPath = "";
			projectRoot = "";
			targets = (
				01DF42F729F545790066F88F /* DataMobileUI */,
			);
		};
/* End PBXProject section */

/* Begin PBXResourcesBuildPhase section */
		01DF42F629F545790066F88F /* Resources */ = {
			isa = PBXResourcesBuildPhase;
			buildActionMask = 2147483647;
			files = (
				01DF430329F5457B0066F88F /* Preview Assets.xcassets in Resources */,
				01DF430029F5457B0066F88F /* Assets.xcassets in Resources */,
			);
			runOnlyForDeploymentPostprocessing = 0;
		};
/* End PBXResourcesBuildPhase section */

/* Begin PBXSourcesBuildPhase section */
		01DF42F429F545790066F88F /* Sources */ = {
			isa = PBXSourcesBuildPhase;
			buildActionMask = 2147483647;
			files = (
				01DF42FE29F545790066F88F /* ContentView.swift in Sources */,
				0166006B2A42630D00E5E2F8 /* DataSource.swift in Sources */,
				0166005F2A3F9A1300E5E2F8 /* EditHub.swift in Sources */,
				016600612A3F9A2A00E5E2F8 /* Selector.swift in Sources */,
				01A0E7F829F922D20080E576 /* ChartItem.swift in Sources */,
				013C51E329F5A7EF006AF055 /* DashboardView.swift in Sources */,
				01A0E7F629F9224E0080E576 /* ChartView.swift in Sources */,
				0116AE872A06A9E500E1749C /* Auth.swift in Sources */,
				012902F82A3E062D00DC5712 /* StravaApi.swift in Sources */,
				013C51E729F5A811006AF055 /* Dashboard.swift in Sources */,
				012902ED2A3DE92400DC5712 /* StravaAuth.swift in Sources */,
				01D046CD2A3F2F3D004AF3F0 /* ChartEditorView.swift in Sources */,
				01D046CB2A3F2013004AF3F0 /* LoginView.swift in Sources */,
				012903242A3E3FB900DC5712 /* OAuth2RetryHandler.swift in Sources */,
				016600672A424F4300E5E2F8 /* DataTransformer.swift in Sources */,
				01D046CF2A3F5E3D004AF3F0 /* Activity.swift in Sources */,
				01DF42FC29F545790066F88F /* DataMobileUIApp.swift in Sources */,
			);
			runOnlyForDeploymentPostprocessing = 0;
		};
/* End PBXSourcesBuildPhase section */

/* Begin XCBuildConfiguration section */
		01DF430429F5457B0066F88F /* Debug */ = {
			isa = XCBuildConfiguration;
			buildSettings = {
				ALWAYS_SEARCH_USER_PATHS = NO;
				CLANG_ANALYZER_NONNULL = YES;
				CLANG_ANALYZER_NUMBER_OBJECT_CONVERSION = YES_AGGRESSIVE;
				CLANG_CXX_LANGUAGE_STANDARD = "gnu++20";
				CLANG_ENABLE_MODULES = YES;
				CLANG_ENABLE_OBJC_ARC = YES;
				CLANG_ENABLE_OBJC_WEAK = YES;
				CLANG_WARN_BLOCK_CAPTURE_AUTORELEASING = YES;
				CLANG_WARN_BOOL_CONVERSION = YES;
				CLANG_WARN_COMMA = YES;
				CLANG_WARN_CONSTANT_CONVERSION = YES;
				CLANG_WARN_DEPRECATED_OBJC_IMPLEMENTATIONS = YES;
				CLANG_WARN_DIRECT_OBJC_ISA_USAGE = YES_ERROR;
				CLANG_WARN_DOCUMENTATION_COMMENTS = YES;
				CLANG_WARN_EMPTY_BODY = YES;
				CLANG_WARN_ENUM_CONVERSION = YES;
				CLANG_WARN_INFINITE_RECURSION = YES;
				CLANG_WARN_INT_CONVERSION = YES;
				CLANG_WARN_NON_LITERAL_NULL_CONVERSION = YES;
				CLANG_WARN_OBJC_IMPLICIT_RETAIN_SELF = YES;
				CLANG_WARN_OBJC_LITERAL_CONVERSION = YES;
				CLANG_WARN_OBJC_ROOT_CLASS = YES_ERROR;
				CLANG_WARN_QUOTED_INCLUDE_IN_FRAMEWORK_HEADER = YES;
				CLANG_WARN_RANGE_LOOP_ANALYSIS = YES;
				CLANG_WARN_STRICT_PROTOTYPES = YES;
				CLANG_WARN_SUSPICIOUS_MOVE = YES;
				CLANG_WARN_UNGUARDED_AVAILABILITY = YES_AGGRESSIVE;
				CLANG_WARN_UNREACHABLE_CODE = YES;
				CLANG_WARN__DUPLICATE_METHOD_MATCH = YES;
				COPY_PHASE_STRIP = NO;
				DEBUG_INFORMATION_FORMAT = dwarf;
				ENABLE_STRICT_OBJC_MSGSEND = YES;
				ENABLE_TESTABILITY = YES;
				GCC_C_LANGUAGE_STANDARD = gnu11;
				GCC_DYNAMIC_NO_PIC = NO;
				GCC_NO_COMMON_BLOCKS = YES;
				GCC_OPTIMIZATION_LEVEL = 0;
				GCC_PREPROCESSOR_DEFINITIONS = (
					"DEBUG=1",
					"$(inherited)",
				);
				GCC_WARN_64_TO_32_BIT_CONVERSION = YES;
				GCC_WARN_ABOUT_RETURN_TYPE = YES_ERROR;
				GCC_WARN_UNDECLARED_SELECTOR = YES;
				GCC_WARN_UNINITIALIZED_AUTOS = YES_AGGRESSIVE;
				GCC_WARN_UNUSED_FUNCTION = YES;
				GCC_WARN_UNUSED_VARIABLE = YES;
				IPHONEOS_DEPLOYMENT_TARGET = 16.2;
				MTL_ENABLE_DEBUG_INFO = INCLUDE_SOURCE;
				MTL_FAST_MATH = YES;
				ONLY_ACTIVE_ARCH = YES;
				SDKROOT = iphoneos;
				STRAVA_CLIENT_ID = 109187;
				STRAVA_CLIENT_SECRET = e70e27e2db4f1f266586256971fc4ba9e82dc5f7;
				SWIFT_ACTIVE_COMPILATION_CONDITIONS = DEBUG;
				SWIFT_OPTIMIZATION_LEVEL = "-Onone";
			};
			name = Debug;
		};
		01DF430529F5457B0066F88F /* Release */ = {
			isa = XCBuildConfiguration;
			buildSettings = {
				ALWAYS_SEARCH_USER_PATHS = NO;
				CLANG_ANALYZER_NONNULL = YES;
				CLANG_ANALYZER_NUMBER_OBJECT_CONVERSION = YES_AGGRESSIVE;
				CLANG_CXX_LANGUAGE_STANDARD = "gnu++20";
				CLANG_ENABLE_MODULES = YES;
				CLANG_ENABLE_OBJC_ARC = YES;
				CLANG_ENABLE_OBJC_WEAK = YES;
				CLANG_WARN_BLOCK_CAPTURE_AUTORELEASING = YES;
				CLANG_WARN_BOOL_CONVERSION = YES;
				CLANG_WARN_COMMA = YES;
				CLANG_WARN_CONSTANT_CONVERSION = YES;
				CLANG_WARN_DEPRECATED_OBJC_IMPLEMENTATIONS = YES;
				CLANG_WARN_DIRECT_OBJC_ISA_USAGE = YES_ERROR;
				CLANG_WARN_DOCUMENTATION_COMMENTS = YES;
				CLANG_WARN_EMPTY_BODY = YES;
				CLANG_WARN_ENUM_CONVERSION = YES;
				CLANG_WARN_INFINITE_RECURSION = YES;
				CLANG_WARN_INT_CONVERSION = YES;
				CLANG_WARN_NON_LITERAL_NULL_CONVERSION = YES;
				CLANG_WARN_OBJC_IMPLICIT_RETAIN_SELF = YES;
				CLANG_WARN_OBJC_LITERAL_CONVERSION = YES;
				CLANG_WARN_OBJC_ROOT_CLASS = YES_ERROR;
				CLANG_WARN_QUOTED_INCLUDE_IN_FRAMEWORK_HEADER = YES;
				CLANG_WARN_RANGE_LOOP_ANALYSIS = YES;
				CLANG_WARN_STRICT_PROTOTYPES = YES;
				CLANG_WARN_SUSPICIOUS_MOVE = YES;
				CLANG_WARN_UNGUARDED_AVAILABILITY = YES_AGGRESSIVE;
				CLANG_WARN_UNREACHABLE_CODE = YES;
				CLANG_WARN__DUPLICATE_METHOD_MATCH = YES;
				COPY_PHASE_STRIP = NO;
				DEBUG_INFORMATION_FORMAT = "dwarf-with-dsym";
				ENABLE_NS_ASSERTIONS = NO;
				ENABLE_STRICT_OBJC_MSGSEND = YES;
				GCC_C_LANGUAGE_STANDARD = gnu11;
				GCC_NO_COMMON_BLOCKS = YES;
				GCC_WARN_64_TO_32_BIT_CONVERSION = YES;
				GCC_WARN_ABOUT_RETURN_TYPE = YES_ERROR;
				GCC_WARN_UNDECLARED_SELECTOR = YES;
				GCC_WARN_UNINITIALIZED_AUTOS = YES_AGGRESSIVE;
				GCC_WARN_UNUSED_FUNCTION = YES;
				GCC_WARN_UNUSED_VARIABLE = YES;
				IPHONEOS_DEPLOYMENT_TARGET = 16.2;
				MTL_ENABLE_DEBUG_INFO = NO;
				MTL_FAST_MATH = YES;
				SDKROOT = iphoneos;
				STRAVA_CLIENT_ID = 109187;
				STRAVA_CLIENT_SECRET = e70e27e2db4f1f266586256971fc4ba9e82dc5f7;
				SWIFT_COMPILATION_MODE = wholemodule;
				SWIFT_OPTIMIZATION_LEVEL = "-O";
				VALIDATE_PRODUCT = YES;
			};
			name = Release;
		};
		01DF430729F5457B0066F88F /* Debug */ = {
			isa = XCBuildConfiguration;
			buildSettings = {
				ASSETCATALOG_COMPILER_APPICON_NAME = AppIcon;
				ASSETCATALOG_COMPILER_GLOBAL_ACCENT_COLOR_NAME = AccentColor;
				CODE_SIGN_STYLE = Automatic;
				CURRENT_PROJECT_VERSION = 1;
				DEVELOPMENT_ASSET_PATHS = "\"DataMobileUI/Preview Content\"";
				DEVELOPMENT_TEAM = 8K5DK6SMM4;
				ENABLE_PREVIEWS = YES;
				GENERATE_INFOPLIST_FILE = YES;
				INFOPLIST_FILE = DataMobileUI/Info.plist;
				INFOPLIST_KEY_UIApplicationSceneManifest_Generation = YES;
				INFOPLIST_KEY_UIApplicationSupportsIndirectInputEvents = YES;
				INFOPLIST_KEY_UILaunchScreen_Generation = YES;
				INFOPLIST_KEY_UISupportedInterfaceOrientations_iPad = "UIInterfaceOrientationPortrait UIInterfaceOrientationPortraitUpsideDown UIInterfaceOrientationLandscapeLeft UIInterfaceOrientationLandscapeRight";
				INFOPLIST_KEY_UISupportedInterfaceOrientations_iPhone = "UIInterfaceOrientationPortrait UIInterfaceOrientationLandscapeLeft UIInterfaceOrientationLandscapeRight";
				IPHONEOS_DEPLOYMENT_TARGET = 17.0;
				LD_RUNPATH_SEARCH_PATHS = (
					"$(inherited)",
					"@executable_path/Frameworks",
				);
				MARKETING_VERSION = 1.0;
				PRODUCT_BUNDLE_IDENTIFIER = pl.szyorz.DataMobileUI;
				PRODUCT_NAME = "$(TARGET_NAME)";
				SWIFT_EMIT_LOC_STRINGS = YES;
				SWIFT_VERSION = 5.0;
				TARGETED_DEVICE_FAMILY = "1,2";
			};
			name = Debug;
		};
		01DF430829F5457B0066F88F /* Release */ = {
			isa = XCBuildConfiguration;
			buildSettings = {
				ASSETCATALOG_COMPILER_APPICON_NAME = AppIcon;
				ASSETCATALOG_COMPILER_GLOBAL_ACCENT_COLOR_NAME = AccentColor;
				CODE_SIGN_STYLE = Automatic;
				CURRENT_PROJECT_VERSION = 1;
				DEVELOPMENT_ASSET_PATHS = "\"DataMobileUI/Preview Content\"";
				DEVELOPMENT_TEAM = 8K5DK6SMM4;
				ENABLE_PREVIEWS = YES;
				GENERATE_INFOPLIST_FILE = YES;
				INFOPLIST_FILE = DataMobileUI/Info.plist;
				INFOPLIST_KEY_UIApplicationSceneManifest_Generation = YES;
				INFOPLIST_KEY_UIApplicationSupportsIndirectInputEvents = YES;
				INFOPLIST_KEY_UILaunchScreen_Generation = YES;
				INFOPLIST_KEY_UISupportedInterfaceOrientations_iPad = "UIInterfaceOrientationPortrait UIInterfaceOrientationPortraitUpsideDown UIInterfaceOrientationLandscapeLeft UIInterfaceOrientationLandscapeRight";
				INFOPLIST_KEY_UISupportedInterfaceOrientations_iPhone = "UIInterfaceOrientationPortrait UIInterfaceOrientationLandscapeLeft UIInterfaceOrientationLandscapeRight";
				IPHONEOS_DEPLOYMENT_TARGET = 17.0;
				LD_RUNPATH_SEARCH_PATHS = (
					"$(inherited)",
					"@executable_path/Frameworks",
				);
				MARKETING_VERSION = 1.0;
				PRODUCT_BUNDLE_IDENTIFIER = pl.szyorz.DataMobileUI;
				PRODUCT_NAME = "$(TARGET_NAME)";
				SWIFT_EMIT_LOC_STRINGS = YES;
				SWIFT_VERSION = 5.0;
				TARGETED_DEVICE_FAMILY = "1,2";
			};
			name = Release;
		};
/* End XCBuildConfiguration section */

/* Begin XCConfigurationList section */
		01DF42F329F545790066F88F /* Build configuration list for PBXProject "DataMobileUI" */ = {
			isa = XCConfigurationList;
			buildConfigurations = (
				01DF430429F5457B0066F88F /* Debug */,
				01DF430529F5457B0066F88F /* Release */,
			);
			defaultConfigurationIsVisible = 0;
			defaultConfigurationName = Release;
		};
		01DF430629F5457B0066F88F /* Build configuration list for PBXNativeTarget "DataMobileUI" */ = {
			isa = XCConfigurationList;
			buildConfigurations = (
				01DF430729F5457B0066F88F /* Debug */,
				01DF430829F5457B0066F88F /* Release */,
			);
			defaultConfigurationIsVisible = 0;
			defaultConfigurationName = Release;
		};
/* End XCConfigurationList section */

/* Begin XCRemoteSwiftPackageReference section */
		012902F12A3DEA0A00DC5712 /* XCRemoteSwiftPackageReference "Alamofire" */ = {
			isa = XCRemoteSwiftPackageReference;
			repositoryURL = "https://github.com/Alamofire/Alamofire";
			requirement = {
				kind = upToNextMajorVersion;
				minimumVersion = 5.7.1;
			};
		};
		012903202A3E3DF600DC5712 /* XCRemoteSwiftPackageReference "OAuth2" */ = {
			isa = XCRemoteSwiftPackageReference;
			repositoryURL = "https://github.com/p2/OAuth2";
			requirement = {
				kind = upToNextMajorVersion;
				minimumVersion = 5.3.2;
			};
		};
		016600622A40F5D900E5E2F8 /* XCRemoteSwiftPackageReference "CSVParser" */ = {
			isa = XCRemoteSwiftPackageReference;
			repositoryURL = "https://github.com/szymonorz/CSVParser/";
			requirement = {
				kind = upToNextMajorVersion;
				minimumVersion = 2.0.3;
			};
		};
		01DAB4F02A3D048400752073 /* XCRemoteSwiftPackageReference "duckdb-swift" */ = {
			isa = XCRemoteSwiftPackageReference;
			repositoryURL = "https://github.com/duckdb/duckdb-swift";
			requirement = {
				kind = upToNextMajorVersion;
				minimumVersion = 0.8.1;
			};
		};
/* End XCRemoteSwiftPackageReference section */

/* Begin XCSwiftPackageProductDependency section */
		012902F22A3DEA0A00DC5712 /* Alamofire */ = {
			isa = XCSwiftPackageProductDependency;
			package = 012902F12A3DEA0A00DC5712 /* XCRemoteSwiftPackageReference "Alamofire" */;
			productName = Alamofire;
		};
		012903212A3E3DF600DC5712 /* OAuth2 */ = {
			isa = XCSwiftPackageProductDependency;
			package = 012903202A3E3DF600DC5712 /* XCRemoteSwiftPackageReference "OAuth2" */;
			productName = OAuth2;
		};
		016600632A40F5D900E5E2F8 /* CSVParser */ = {
			isa = XCSwiftPackageProductDependency;
			package = 016600622A40F5D900E5E2F8 /* XCRemoteSwiftPackageReference "CSVParser" */;
			productName = CSVParser;
		};
		01DAB4F12A3D048500752073 /* DuckDB */ = {
			isa = XCSwiftPackageProductDependency;
			package = 01DAB4F02A3D048400752073 /* XCRemoteSwiftPackageReference "duckdb-swift" */;
			productName = DuckDB;
		};
/* End XCSwiftPackageProductDependency section */
	};
	rootObject = 01DF42F029F545790066F88F /* Project object */;
}
