// !$*UTF8*$!
{
	archiveVersion = 1;
	classes = {
	};
	objectVersion = 56;
	objects = {

/* Begin PBXBuildFile section */
		012902ED2A3DE92400DC5712 /* StravaAuth.swift in Sources */ = {isa = PBXBuildFile; fileRef = 012902EC2A3DE92400DC5712 /* StravaAuth.swift */; };
		012902F32A3DEA0A00DC5712 /* Alamofire in Frameworks */ = {isa = PBXBuildFile; productRef = 012902F22A3DEA0A00DC5712 /* Alamofire */; };
		012902F82A3E062D00DC5712 /* StravaApi.swift in Sources */ = {isa = PBXBuildFile; fileRef = 012902F72A3E062D00DC5712 /* StravaApi.swift */; };
		012903222A3E3DF600DC5712 /* OAuth2 in Frameworks */ = {isa = PBXBuildFile; productRef = 012903212A3E3DF600DC5712 /* OAuth2 */; };
		012903242A3E3FB900DC5712 /* OAuth2RetryHandler.swift in Sources */ = {isa = PBXBuildFile; fileRef = 012903232A3E3FB900DC5712 /* OAuth2RetryHandler.swift */; };
		013C51E329F5A7EF006AF055 /* DashboardView.swift in Sources */ = {isa = PBXBuildFile; fileRef = 013C51E229F5A7EF006AF055 /* DashboardView.swift */; };
		013C51E729F5A811006AF055 /* DashboardReducer.swift in Sources */ = {isa = PBXBuildFile; fileRef = 013C51E629F5A811006AF055 /* DashboardReducer.swift */; };
		0166005F2A3F9A1300E5E2F8 /* EditHub.swift in Sources */ = {isa = PBXBuildFile; fileRef = 0166005E2A3F9A1300E5E2F8 /* EditHub.swift */; };
		016600612A3F9A2A00E5E2F8 /* Selector.swift in Sources */ = {isa = PBXBuildFile; fileRef = 016600602A3F9A2A00E5E2F8 /* Selector.swift */; };
		016600672A424F4300E5E2F8 /* FirebaseClient.swift in Sources */ = {isa = PBXBuildFile; fileRef = 016600662A424F4300E5E2F8 /* FirebaseClient.swift */; };
		0166006B2A42630D00E5E2F8 /* DataSource.swift in Sources */ = {isa = PBXBuildFile; fileRef = 0166006A2A42630D00E5E2F8 /* DataSource.swift */; };
		0166006E2A42EBEC00E5E2F8 /* WrappingHStack in Frameworks */ = {isa = PBXBuildFile; productRef = 0166006D2A42EBEC00E5E2F8 /* WrappingHStack */; };
		017606912AC63F3100CBDC7E /* DM_User.swift in Sources */ = {isa = PBXBuildFile; fileRef = 017606902AC63F3100CBDC7E /* DM_User.swift */; };
		017606932AC8D91A00CBDC7E /* Dashboard.swift in Sources */ = {isa = PBXBuildFile; fileRef = 017606922AC8D91A00CBDC7E /* Dashboard.swift */; };
		017606962AC992FF00CBDC7E /* ChartData.swift in Sources */ = {isa = PBXBuildFile; fileRef = 017606952AC992FF00CBDC7E /* ChartData.swift */; };
		017606982AC9EE1600CBDC7E /* DashboardListReducer.swift in Sources */ = {isa = PBXBuildFile; fileRef = 017606972AC9EE1600CBDC7E /* DashboardListReducer.swift */; };
		0176069A2ACA145C00CBDC7E /* DashboardListView.swift in Sources */ = {isa = PBXBuildFile; fileRef = 017606992ACA145C00CBDC7E /* DashboardListView.swift */; };
		01A0E7F629F9224E0080E576 /* ChartView.swift in Sources */ = {isa = PBXBuildFile; fileRef = 01A0E7F529F9224E0080E576 /* ChartView.swift */; };
		01A0E7F829F922D20080E576 /* ChartItem.swift in Sources */ = {isa = PBXBuildFile; fileRef = 01A0E7F729F922D20080E576 /* ChartItem.swift */; };
		01A2E6742ABF243800120978 /* ChartContentEntity+CoreDataClass.swift in Sources */ = {isa = PBXBuildFile; fileRef = 01A2E6702ABF243800120978 /* ChartContentEntity+CoreDataClass.swift */; };
		01A2E6752ABF243800120978 /* ChartContentEntity+CoreDataProperties.swift in Sources */ = {isa = PBXBuildFile; fileRef = 01A2E6712ABF243800120978 /* ChartContentEntity+CoreDataProperties.swift */; };
		01A2E6762ABF243800120978 /* ChartItemEntity+CoreDataClass.swift in Sources */ = {isa = PBXBuildFile; fileRef = 01A2E6722ABF243800120978 /* ChartItemEntity+CoreDataClass.swift */; };
		01A2E6772ABF243800120978 /* ChartItemEntity+CoreDataProperties.swift in Sources */ = {isa = PBXBuildFile; fileRef = 01A2E6732ABF243800120978 /* ChartItemEntity+CoreDataProperties.swift */; };
		01B7CD472AAA741E007902AD /* ComposableArchitecture in Frameworks */ = {isa = PBXBuildFile; productRef = 01B7CD462AAA741E007902AD /* ComposableArchitecture */; };
		01BFC5942AACD35F00E4407C /* ChartItemsReducer.swift in Sources */ = {isa = PBXBuildFile; fileRef = 01BFC5932AACD35F00E4407C /* ChartItemsReducer.swift */; };
		01BFC5972AACD6AA00E4407C /* ChartItemsClient.swift in Sources */ = {isa = PBXBuildFile; fileRef = 01BFC5962AACD6AA00E4407C /* ChartItemsClient.swift */; };
		01BFC59B2AACF79300E4407C /* CoreDataManager.swift in Sources */ = {isa = PBXBuildFile; fileRef = 01BFC59A2AACF79300E4407C /* CoreDataManager.swift */; };
		01BFC5A12AACFA2900E4407C /* DataMobileUI.xcdatamodeld in Sources */ = {isa = PBXBuildFile; fileRef = 01BFC59F2AACFA2900E4407C /* DataMobileUI.xcdatamodeld */; };
		01BFC5A32AAD24D300E4407C /* ChartEditorReducer.swift in Sources */ = {isa = PBXBuildFile; fileRef = 01BFC5A22AAD24D300E4407C /* ChartEditorReducer.swift */; };
		01BFC5A52AADD71900E4407C /* StravaAuthReducer.swift in Sources */ = {isa = PBXBuildFile; fileRef = 01BFC5A42AADD71900E4407C /* StravaAuthReducer.swift */; };
		01BFC5A72AAE0C4D00E4407C /* RootReducer.swift in Sources */ = {isa = PBXBuildFile; fileRef = 01BFC5A62AAE0C4D00E4407C /* RootReducer.swift */; };
		01BFC5A92AAE6BA600E4407C /* RootView.swift in Sources */ = {isa = PBXBuildFile; fileRef = 01BFC5A82AAE6BA600E4407C /* RootView.swift */; };
		01C2B42B2AC22B2600078B44 /* FirebaseAnalytics in Frameworks */ = {isa = PBXBuildFile; productRef = 01C2B42A2AC22B2600078B44 /* FirebaseAnalytics */; };
		01C2B42D2AC22B2600078B44 /* FirebaseAnalyticsOnDeviceConversion in Frameworks */ = {isa = PBXBuildFile; productRef = 01C2B42C2AC22B2600078B44 /* FirebaseAnalyticsOnDeviceConversion */; };
		01C2B42F2AC22B2600078B44 /* FirebaseAnalyticsSwift in Frameworks */ = {isa = PBXBuildFile; productRef = 01C2B42E2AC22B2600078B44 /* FirebaseAnalyticsSwift */; };
		01C2B4312AC22B2600078B44 /* FirebaseAnalyticsWithoutAdIdSupport in Frameworks */ = {isa = PBXBuildFile; productRef = 01C2B4302AC22B2600078B44 /* FirebaseAnalyticsWithoutAdIdSupport */; };
		01C2B4332AC22B2600078B44 /* FirebaseAppCheck in Frameworks */ = {isa = PBXBuildFile; productRef = 01C2B4322AC22B2600078B44 /* FirebaseAppCheck */; };
		01C2B4352AC22B2600078B44 /* FirebaseAppDistribution-Beta in Frameworks */ = {isa = PBXBuildFile; productRef = 01C2B4342AC22B2600078B44 /* FirebaseAppDistribution-Beta */; };
		01C2B4372AC22B2600078B44 /* FirebaseAuth in Frameworks */ = {isa = PBXBuildFile; productRef = 01C2B4362AC22B2600078B44 /* FirebaseAuth */; };
		01C2B4392AC22B2600078B44 /* FirebaseAuthCombine-Community in Frameworks */ = {isa = PBXBuildFile; productRef = 01C2B4382AC22B2600078B44 /* FirebaseAuthCombine-Community */; };
		01C2B43B2AC22B2600078B44 /* FirebaseCrashlytics in Frameworks */ = {isa = PBXBuildFile; productRef = 01C2B43A2AC22B2600078B44 /* FirebaseCrashlytics */; };
		01C2B43D2AC22B2600078B44 /* FirebaseDatabase in Frameworks */ = {isa = PBXBuildFile; productRef = 01C2B43C2AC22B2600078B44 /* FirebaseDatabase */; };
		01C2B43F2AC22B2600078B44 /* FirebaseDatabaseSwift in Frameworks */ = {isa = PBXBuildFile; productRef = 01C2B43E2AC22B2600078B44 /* FirebaseDatabaseSwift */; };
		01C2B4412AC22B2600078B44 /* FirebaseDynamicLinks in Frameworks */ = {isa = PBXBuildFile; productRef = 01C2B4402AC22B2600078B44 /* FirebaseDynamicLinks */; };
		01C2B4432AC22B2600078B44 /* FirebaseFirestore in Frameworks */ = {isa = PBXBuildFile; productRef = 01C2B4422AC22B2600078B44 /* FirebaseFirestore */; };
		01C2B4452AC22B2600078B44 /* FirebaseFirestoreCombine-Community in Frameworks */ = {isa = PBXBuildFile; productRef = 01C2B4442AC22B2600078B44 /* FirebaseFirestoreCombine-Community */; };
		01C2B4472AC22B2600078B44 /* FirebaseFirestoreSwift in Frameworks */ = {isa = PBXBuildFile; productRef = 01C2B4462AC22B2600078B44 /* FirebaseFirestoreSwift */; };
		01C2B4492AC22B2600078B44 /* FirebaseFunctions in Frameworks */ = {isa = PBXBuildFile; productRef = 01C2B4482AC22B2600078B44 /* FirebaseFunctions */; };
		01C2B44B2AC22B2600078B44 /* FirebaseFunctionsCombine-Community in Frameworks */ = {isa = PBXBuildFile; productRef = 01C2B44A2AC22B2600078B44 /* FirebaseFunctionsCombine-Community */; };
		01C2B44D2AC22B2600078B44 /* FirebaseInAppMessaging-Beta in Frameworks */ = {isa = PBXBuildFile; productRef = 01C2B44C2AC22B2600078B44 /* FirebaseInAppMessaging-Beta */; };
		01C2B44F2AC22B2600078B44 /* FirebaseInAppMessagingSwift-Beta in Frameworks */ = {isa = PBXBuildFile; productRef = 01C2B44E2AC22B2600078B44 /* FirebaseInAppMessagingSwift-Beta */; };
		01C2B4512AC22B2600078B44 /* FirebaseInstallations in Frameworks */ = {isa = PBXBuildFile; productRef = 01C2B4502AC22B2600078B44 /* FirebaseInstallations */; };
		01C2B4532AC22B2600078B44 /* FirebaseMLModelDownloader in Frameworks */ = {isa = PBXBuildFile; productRef = 01C2B4522AC22B2600078B44 /* FirebaseMLModelDownloader */; };
		01C2B4552AC22B2600078B44 /* FirebaseMessaging in Frameworks */ = {isa = PBXBuildFile; productRef = 01C2B4542AC22B2600078B44 /* FirebaseMessaging */; };
		01C2B4572AC22B2600078B44 /* FirebasePerformance in Frameworks */ = {isa = PBXBuildFile; productRef = 01C2B4562AC22B2600078B44 /* FirebasePerformance */; };
		01C2B4592AC22B2600078B44 /* FirebaseRemoteConfig in Frameworks */ = {isa = PBXBuildFile; productRef = 01C2B4582AC22B2600078B44 /* FirebaseRemoteConfig */; };
		01C2B45B2AC22B2600078B44 /* FirebaseRemoteConfigSwift in Frameworks */ = {isa = PBXBuildFile; productRef = 01C2B45A2AC22B2600078B44 /* FirebaseRemoteConfigSwift */; };
		01C2B45D2AC22B2600078B44 /* FirebaseStorage in Frameworks */ = {isa = PBXBuildFile; productRef = 01C2B45C2AC22B2600078B44 /* FirebaseStorage */; };
		01C2B45F2AC22B2600078B44 /* FirebaseStorageCombine-Community in Frameworks */ = {isa = PBXBuildFile; productRef = 01C2B45E2AC22B2600078B44 /* FirebaseStorageCombine-Community */; };
		01C2B4622AC231FB00078B44 /* AppDelegate.swift in Sources */ = {isa = PBXBuildFile; fileRef = 01C2B4612AC231FB00078B44 /* AppDelegate.swift */; };
		01C2B4642AC2332700078B44 /* FirebaseDataManager.swift in Sources */ = {isa = PBXBuildFile; fileRef = 01C2B4632AC2332700078B44 /* FirebaseDataManager.swift */; };
		01C2B4662AC236EF00078B44 /* GoogleService-Info.plist in Resources */ = {isa = PBXBuildFile; fileRef = 01C2B4652AC236EF00078B44 /* GoogleService-Info.plist */; };
		01C2B4682AC38B5800078B44 /* Athlete.swift in Sources */ = {isa = PBXBuildFile; fileRef = 01C2B4672AC38B5800078B44 /* Athlete.swift */; };
		01C2B46B2AC4A80700078B44 /* GoogleSignIn in Frameworks */ = {isa = PBXBuildFile; productRef = 01C2B46A2AC4A80700078B44 /* GoogleSignIn */; };
		01C2B46D2AC4A80700078B44 /* GoogleSignInSwift in Frameworks */ = {isa = PBXBuildFile; productRef = 01C2B46C2AC4A80700078B44 /* GoogleSignInSwift */; };
		01C2B4702AC4AC9E00078B44 /* FirebaseGoogleAuth.swift in Sources */ = {isa = PBXBuildFile; fileRef = 01C2B46F2AC4AC9E00078B44 /* FirebaseGoogleAuth.swift */; };
		01C2B4722AC4C2E200078B44 /* GoogleAuthReducer.swift in Sources */ = {isa = PBXBuildFile; fileRef = 01C2B4712AC4C2E200078B44 /* GoogleAuthReducer.swift */; };
		01D046CB2A3F2013004AF3F0 /* LoginView.swift in Sources */ = {isa = PBXBuildFile; fileRef = 01D046CA2A3F2013004AF3F0 /* LoginView.swift */; };
		01D046CD2A3F2F3D004AF3F0 /* ChartEditorView.swift in Sources */ = {isa = PBXBuildFile; fileRef = 01D046CC2A3F2F3D004AF3F0 /* ChartEditorView.swift */; };
		01D046CF2A3F5E3D004AF3F0 /* Activity.swift in Sources */ = {isa = PBXBuildFile; fileRef = 01D046CE2A3F5E3D004AF3F0 /* Activity.swift */; };
		01DAB4F22A3D048500752073 /* DuckDB in Frameworks */ = {isa = PBXBuildFile; productRef = 01DAB4F12A3D048500752073 /* DuckDB */; };
		01DF42FC29F545790066F88F /* DataMobileUIApp.swift in Sources */ = {isa = PBXBuildFile; fileRef = 01DF42FB29F545790066F88F /* DataMobileUIApp.swift */; };
		01DF42FE29F545790066F88F /* ContentView.swift in Sources */ = {isa = PBXBuildFile; fileRef = 01DF42FD29F545790066F88F /* ContentView.swift */; };
		01DF430029F5457B0066F88F /* Assets.xcassets in Resources */ = {isa = PBXBuildFile; fileRef = 01DF42FF29F5457B0066F88F /* Assets.xcassets */; };
		01DF430329F5457B0066F88F /* Preview Assets.xcassets in Resources */ = {isa = PBXBuildFile; fileRef = 01DF430229F5457B0066F88F /* Preview Assets.xcassets */; };
/* End PBXBuildFile section */

/* Begin PBXCopyFilesBuildPhase section */
		012903132A3E332300DC5712 /* Copy Frameworks */ = {
			isa = PBXCopyFilesBuildPhase;
			buildActionMask = 2147483647;
			dstPath = "";
			dstSubfolderSpec = 10;
			files = (
			);
			name = "Copy Frameworks";
			runOnlyForDeploymentPostprocessing = 0;
		};
/* End PBXCopyFilesBuildPhase section */

/* Begin PBXFileReference section */
		012902EC2A3DE92400DC5712 /* StravaAuth.swift */ = {isa = PBXFileReference; lastKnownFileType = sourcecode.swift; path = StravaAuth.swift; sourceTree = "<group>"; };
		012902F72A3E062D00DC5712 /* StravaApi.swift */ = {isa = PBXFileReference; lastKnownFileType = sourcecode.swift; path = StravaApi.swift; sourceTree = "<group>"; };
		012903232A3E3FB900DC5712 /* OAuth2RetryHandler.swift */ = {isa = PBXFileReference; lastKnownFileType = sourcecode.swift; path = OAuth2RetryHandler.swift; sourceTree = "<group>"; };
		013C51E229F5A7EF006AF055 /* DashboardView.swift */ = {isa = PBXFileReference; lastKnownFileType = sourcecode.swift; path = DashboardView.swift; sourceTree = "<group>"; };
		013C51E629F5A811006AF055 /* DashboardReducer.swift */ = {isa = PBXFileReference; lastKnownFileType = sourcecode.swift; path = DashboardReducer.swift; sourceTree = "<group>"; };
		0166005E2A3F9A1300E5E2F8 /* EditHub.swift */ = {isa = PBXFileReference; lastKnownFileType = sourcecode.swift; path = EditHub.swift; sourceTree = "<group>"; };
		016600602A3F9A2A00E5E2F8 /* Selector.swift */ = {isa = PBXFileReference; lastKnownFileType = sourcecode.swift; path = Selector.swift; sourceTree = "<group>"; };
		016600662A424F4300E5E2F8 /* FirebaseClient.swift */ = {isa = PBXFileReference; lastKnownFileType = sourcecode.swift; path = FirebaseClient.swift; sourceTree = "<group>"; };
		0166006A2A42630D00E5E2F8 /* DataSource.swift */ = {isa = PBXFileReference; lastKnownFileType = sourcecode.swift; path = DataSource.swift; sourceTree = "<group>"; };
		017606902AC63F3100CBDC7E /* DM_User.swift */ = {isa = PBXFileReference; lastKnownFileType = sourcecode.swift; path = DM_User.swift; sourceTree = "<group>"; };
		017606922AC8D91A00CBDC7E /* Dashboard.swift */ = {isa = PBXFileReference; lastKnownFileType = sourcecode.swift; path = Dashboard.swift; sourceTree = "<group>"; };
		017606952AC992FF00CBDC7E /* ChartData.swift */ = {isa = PBXFileReference; lastKnownFileType = sourcecode.swift; path = ChartData.swift; sourceTree = "<group>"; };
		017606972AC9EE1600CBDC7E /* DashboardListReducer.swift */ = {isa = PBXFileReference; lastKnownFileType = sourcecode.swift; path = DashboardListReducer.swift; sourceTree = "<group>"; };
		017606992ACA145C00CBDC7E /* DashboardListView.swift */ = {isa = PBXFileReference; lastKnownFileType = sourcecode.swift; path = DashboardListView.swift; sourceTree = "<group>"; };
		01A0E7F529F9224E0080E576 /* ChartView.swift */ = {isa = PBXFileReference; lastKnownFileType = sourcecode.swift; path = ChartView.swift; sourceTree = "<group>"; };
		01A0E7F729F922D20080E576 /* ChartItem.swift */ = {isa = PBXFileReference; lastKnownFileType = sourcecode.swift; path = ChartItem.swift; sourceTree = "<group>"; };
		01A2E6702ABF243800120978 /* ChartContentEntity+CoreDataClass.swift */ = {isa = PBXFileReference; lastKnownFileType = sourcecode.swift; path = "ChartContentEntity+CoreDataClass.swift"; sourceTree = "<group>"; };
		01A2E6712ABF243800120978 /* ChartContentEntity+CoreDataProperties.swift */ = {isa = PBXFileReference; lastKnownFileType = sourcecode.swift; path = "ChartContentEntity+CoreDataProperties.swift"; sourceTree = "<group>"; };
		01A2E6722ABF243800120978 /* ChartItemEntity+CoreDataClass.swift */ = {isa = PBXFileReference; lastKnownFileType = sourcecode.swift; path = "ChartItemEntity+CoreDataClass.swift"; sourceTree = "<group>"; };
		01A2E6732ABF243800120978 /* ChartItemEntity+CoreDataProperties.swift */ = {isa = PBXFileReference; lastKnownFileType = sourcecode.swift; path = "ChartItemEntity+CoreDataProperties.swift"; sourceTree = "<group>"; };
		01AC30DB2A0B0E3600AE01BE /* Info.plist */ = {isa = PBXFileReference; lastKnownFileType = text.plist; path = Info.plist; sourceTree = "<group>"; };
		01BFC5932AACD35F00E4407C /* ChartItemsReducer.swift */ = {isa = PBXFileReference; lastKnownFileType = sourcecode.swift; path = ChartItemsReducer.swift; sourceTree = "<group>"; };
		01BFC5962AACD6AA00E4407C /* ChartItemsClient.swift */ = {isa = PBXFileReference; lastKnownFileType = sourcecode.swift; path = ChartItemsClient.swift; sourceTree = "<group>"; };
		01BFC59A2AACF79300E4407C /* CoreDataManager.swift */ = {isa = PBXFileReference; lastKnownFileType = sourcecode.swift; path = CoreDataManager.swift; sourceTree = "<group>"; };
		01BFC5A02AACFA2900E4407C /* ChartItemEntity.xcdatamodel */ = {isa = PBXFileReference; lastKnownFileType = wrapper.xcdatamodel; path = ChartItemEntity.xcdatamodel; sourceTree = "<group>"; };
		01BFC5A22AAD24D300E4407C /* ChartEditorReducer.swift */ = {isa = PBXFileReference; lastKnownFileType = sourcecode.swift; path = ChartEditorReducer.swift; sourceTree = "<group>"; };
		01BFC5A42AADD71900E4407C /* StravaAuthReducer.swift */ = {isa = PBXFileReference; lastKnownFileType = sourcecode.swift; path = StravaAuthReducer.swift; sourceTree = "<group>"; };
		01BFC5A62AAE0C4D00E4407C /* RootReducer.swift */ = {isa = PBXFileReference; lastKnownFileType = sourcecode.swift; path = RootReducer.swift; sourceTree = "<group>"; };
		01BFC5A82AAE6BA600E4407C /* RootView.swift */ = {isa = PBXFileReference; lastKnownFileType = sourcecode.swift; path = RootView.swift; sourceTree = "<group>"; };
		01C2B4612AC231FB00078B44 /* AppDelegate.swift */ = {isa = PBXFileReference; lastKnownFileType = sourcecode.swift; path = AppDelegate.swift; sourceTree = "<group>"; };
		01C2B4632AC2332700078B44 /* FirebaseDataManager.swift */ = {isa = PBXFileReference; lastKnownFileType = sourcecode.swift; path = FirebaseDataManager.swift; sourceTree = "<group>"; };
		01C2B4652AC236EF00078B44 /* GoogleService-Info.plist */ = {isa = PBXFileReference; fileEncoding = 4; lastKnownFileType = text.plist.xml; path = "GoogleService-Info.plist"; sourceTree = "<group>"; };
		01C2B4672AC38B5800078B44 /* Athlete.swift */ = {isa = PBXFileReference; lastKnownFileType = sourcecode.swift; path = Athlete.swift; sourceTree = "<group>"; };
		01C2B46F2AC4AC9E00078B44 /* FirebaseGoogleAuth.swift */ = {isa = PBXFileReference; lastKnownFileType = sourcecode.swift; path = FirebaseGoogleAuth.swift; sourceTree = "<group>"; };
		01C2B4712AC4C2E200078B44 /* GoogleAuthReducer.swift */ = {isa = PBXFileReference; lastKnownFileType = sourcecode.swift; path = GoogleAuthReducer.swift; sourceTree = "<group>"; };
		01D046CA2A3F2013004AF3F0 /* LoginView.swift */ = {isa = PBXFileReference; lastKnownFileType = sourcecode.swift; path = LoginView.swift; sourceTree = "<group>"; };
		01D046CC2A3F2F3D004AF3F0 /* ChartEditorView.swift */ = {isa = PBXFileReference; lastKnownFileType = sourcecode.swift; path = ChartEditorView.swift; sourceTree = "<group>"; };
		01D046CE2A3F5E3D004AF3F0 /* Activity.swift */ = {isa = PBXFileReference; lastKnownFileType = sourcecode.swift; path = Activity.swift; sourceTree = "<group>"; };
		01DF42F829F545790066F88F /* DataMobileUI.app */ = {isa = PBXFileReference; explicitFileType = wrapper.application; includeInIndex = 0; path = DataMobileUI.app; sourceTree = BUILT_PRODUCTS_DIR; };
		01DF42FB29F545790066F88F /* DataMobileUIApp.swift */ = {isa = PBXFileReference; lastKnownFileType = sourcecode.swift; path = DataMobileUIApp.swift; sourceTree = "<group>"; };
		01DF42FD29F545790066F88F /* ContentView.swift */ = {isa = PBXFileReference; lastKnownFileType = sourcecode.swift; path = ContentView.swift; sourceTree = "<group>"; };
		01DF42FF29F5457B0066F88F /* Assets.xcassets */ = {isa = PBXFileReference; lastKnownFileType = folder.assetcatalog; path = Assets.xcassets; sourceTree = "<group>"; };
		01DF430229F5457B0066F88F /* Preview Assets.xcassets */ = {isa = PBXFileReference; lastKnownFileType = folder.assetcatalog; path = "Preview Assets.xcassets"; sourceTree = "<group>"; };
/* End PBXFileReference section */

/* Begin PBXFrameworksBuildPhase section */
		01DF42F529F545790066F88F /* Frameworks */ = {
			isa = PBXFrameworksBuildPhase;
			buildActionMask = 2147483647;
			files = (
				01C2B4552AC22B2600078B44 /* FirebaseMessaging in Frameworks */,
				01C2B4452AC22B2600078B44 /* FirebaseFirestoreCombine-Community in Frameworks */,
				01C2B46B2AC4A80700078B44 /* GoogleSignIn in Frameworks */,
				01C2B43D2AC22B2600078B44 /* FirebaseDatabase in Frameworks */,
				01B7CD472AAA741E007902AD /* ComposableArchitecture in Frameworks */,
				01C2B45D2AC22B2600078B44 /* FirebaseStorage in Frameworks */,
				012903222A3E3DF600DC5712 /* OAuth2 in Frameworks */,
				01C2B42B2AC22B2600078B44 /* FirebaseAnalytics in Frameworks */,
				01C2B43B2AC22B2600078B44 /* FirebaseCrashlytics in Frameworks */,
				01C2B46D2AC4A80700078B44 /* GoogleSignInSwift in Frameworks */,
				01C2B4432AC22B2600078B44 /* FirebaseFirestore in Frameworks */,
				01C2B4412AC22B2600078B44 /* FirebaseDynamicLinks in Frameworks */,
				01C2B45F2AC22B2600078B44 /* FirebaseStorageCombine-Community in Frameworks */,
				01C2B42D2AC22B2600078B44 /* FirebaseAnalyticsOnDeviceConversion in Frameworks */,
				01C2B44B2AC22B2600078B44 /* FirebaseFunctionsCombine-Community in Frameworks */,
				01C2B44F2AC22B2600078B44 /* FirebaseInAppMessagingSwift-Beta in Frameworks */,
				01C2B4532AC22B2600078B44 /* FirebaseMLModelDownloader in Frameworks */,
				01C2B44D2AC22B2600078B44 /* FirebaseInAppMessaging-Beta in Frameworks */,
				01C2B4572AC22B2600078B44 /* FirebasePerformance in Frameworks */,
				01C2B4392AC22B2600078B44 /* FirebaseAuthCombine-Community in Frameworks */,
				01C2B42F2AC22B2600078B44 /* FirebaseAnalyticsSwift in Frameworks */,
				01C2B43F2AC22B2600078B44 /* FirebaseDatabaseSwift in Frameworks */,
				012902F32A3DEA0A00DC5712 /* Alamofire in Frameworks */,
				01C2B4592AC22B2600078B44 /* FirebaseRemoteConfig in Frameworks */,
				01DAB4F22A3D048500752073 /* DuckDB in Frameworks */,
				01C2B4372AC22B2600078B44 /* FirebaseAuth in Frameworks */,
				01C2B4492AC22B2600078B44 /* FirebaseFunctions in Frameworks */,
				01C2B4512AC22B2600078B44 /* FirebaseInstallations in Frameworks */,
				01C2B4472AC22B2600078B44 /* FirebaseFirestoreSwift in Frameworks */,
				01C2B4312AC22B2600078B44 /* FirebaseAnalyticsWithoutAdIdSupport in Frameworks */,
				01C2B4332AC22B2600078B44 /* FirebaseAppCheck in Frameworks */,
				01C2B45B2AC22B2600078B44 /* FirebaseRemoteConfigSwift in Frameworks */,
				01C2B4352AC22B2600078B44 /* FirebaseAppDistribution-Beta in Frameworks */,
				0166006E2A42EBEC00E5E2F8 /* WrappingHStack in Frameworks */,
			);
			runOnlyForDeploymentPostprocessing = 0;
		};
/* End PBXFrameworksBuildPhase section */

/* Begin PBXGroup section */
		012902EA2A3DE8F000DC5712 /* Auth */ = {
			isa = PBXGroup;
			children = (
				01C2B46E2AC4AC8900078B44 /* Firebase */,
				012902EB2A3DE8FC00DC5712 /* Strava */,
			);
			path = Auth;
			sourceTree = "<group>";
		};
		012902EB2A3DE8FC00DC5712 /* Strava */ = {
			isa = PBXGroup;
			children = (
				012902EC2A3DE92400DC5712 /* StravaAuth.swift */,
				012903232A3E3FB900DC5712 /* OAuth2RetryHandler.swift */,
			);
			path = Strava;
			sourceTree = "<group>";
		};
		0129030F2A3E324C00DC5712 /* Frameworks */ = {
			isa = PBXGroup;
			children = (
			);
			name = Frameworks;
			sourceTree = "<group>";
		};
		013C51E129F5A7DE006AF055 /* View */ = {
			isa = PBXGroup;
			children = (
				01DF42FD29F545790066F88F /* ContentView.swift */,
				013C51E229F5A7EF006AF055 /* DashboardView.swift */,
				01A0E7F529F9224E0080E576 /* ChartView.swift */,
				01D046CA2A3F2013004AF3F0 /* LoginView.swift */,
				01D046CC2A3F2F3D004AF3F0 /* ChartEditorView.swift */,
				0166005E2A3F9A1300E5E2F8 /* EditHub.swift */,
				016600602A3F9A2A00E5E2F8 /* Selector.swift */,
				01BFC5A82AAE6BA600E4407C /* RootView.swift */,
				017606992ACA145C00CBDC7E /* DashboardListView.swift */,
			);
			path = View;
			sourceTree = "<group>";
		};
		013C51E529F5A801006AF055 /* Model */ = {
			isa = PBXGroup;
			children = (
				01D046CE2A3F5E3D004AF3F0 /* Activity.swift */,
				01A0E7F729F922D20080E576 /* ChartItem.swift */,
				01C2B4672AC38B5800078B44 /* Athlete.swift */,
				017606902AC63F3100CBDC7E /* DM_User.swift */,
				017606922AC8D91A00CBDC7E /* Dashboard.swift */,
				017606952AC992FF00CBDC7E /* ChartData.swift */,
			);
			path = Model;
			sourceTree = "<group>";
		};
		016600652A424F1700E5E2F8 /* DataTransformer */ = {
			isa = PBXGroup;
			children = (
				0166006A2A42630D00E5E2F8 /* DataSource.swift */,
			);
			path = DataTransformer;
			sourceTree = "<group>";
		};
		01BFC5922AACD34C00E4407C /* Store */ = {
			isa = PBXGroup;
			children = (
				013C51E629F5A811006AF055 /* DashboardReducer.swift */,
				01BFC5932AACD35F00E4407C /* ChartItemsReducer.swift */,
				01BFC5A22AAD24D300E4407C /* ChartEditorReducer.swift */,
				01BFC5A42AADD71900E4407C /* StravaAuthReducer.swift */,
				01BFC5A62AAE0C4D00E4407C /* RootReducer.swift */,
				01C2B4712AC4C2E200078B44 /* GoogleAuthReducer.swift */,
				017606972AC9EE1600CBDC7E /* DashboardListReducer.swift */,
			);
			path = Store;
			sourceTree = "<group>";
		};
		01BFC5952AACD69A00E4407C /* Dependency */ = {
			isa = PBXGroup;
			children = (
				012902F72A3E062D00DC5712 /* StravaApi.swift */,
				016600662A424F4300E5E2F8 /* FirebaseClient.swift */,
				01BFC5962AACD6AA00E4407C /* ChartItemsClient.swift */,
			);
			path = Dependency;
			sourceTree = "<group>";
		};
		01BFC5982AACF76800E4407C /* Storage */ = {
			isa = PBXGroup;
			children = (
				01C2B4602AC231EA00078B44 /* Firebase */,
				01BFC5992AACF77600E4407C /* CoreData */,
			);
			path = Storage;
			sourceTree = "<group>";
		};
		01BFC5992AACF77600E4407C /* CoreData */ = {
			isa = PBXGroup;
			children = (
				01A2E6702ABF243800120978 /* ChartContentEntity+CoreDataClass.swift */,
				01A2E6712ABF243800120978 /* ChartContentEntity+CoreDataProperties.swift */,
				01A2E6722ABF243800120978 /* ChartItemEntity+CoreDataClass.swift */,
				01A2E6732ABF243800120978 /* ChartItemEntity+CoreDataProperties.swift */,
				01BFC59A2AACF79300E4407C /* CoreDataManager.swift */,
				01BFC59F2AACFA2900E4407C /* DataMobileUI.xcdatamodeld */,
			);
			path = CoreData;
			sourceTree = "<group>";
		};
		01C2B4602AC231EA00078B44 /* Firebase */ = {
			isa = PBXGroup;
			children = (
				01C2B4612AC231FB00078B44 /* AppDelegate.swift */,
				01C2B4632AC2332700078B44 /* FirebaseDataManager.swift */,
			);
			path = Firebase;
			sourceTree = "<group>";
		};
		01C2B46E2AC4AC8900078B44 /* Firebase */ = {
			isa = PBXGroup;
			children = (
				01C2B46F2AC4AC9E00078B44 /* FirebaseGoogleAuth.swift */,
			);
			path = Firebase;
			sourceTree = "<group>";
		};
		01DF42EF29F545790066F88F = {
			isa = PBXGroup;
			children = (
				01DF42FA29F545790066F88F /* DataMobileUI */,
				01DF42F929F545790066F88F /* Products */,
				0129030F2A3E324C00DC5712 /* Frameworks */,
			);
			sourceTree = "<group>";
		};
		01DF42F929F545790066F88F /* Products */ = {
			isa = PBXGroup;
			children = (
				01DF42F829F545790066F88F /* DataMobileUI.app */,
			);
			name = Products;
			sourceTree = "<group>";
		};
		01DF42FA29F545790066F88F /* DataMobileUI */ = {
			isa = PBXGroup;
			children = (
				01C2B4652AC236EF00078B44 /* GoogleService-Info.plist */,
				01BFC5982AACF76800E4407C /* Storage */,
				01BFC5952AACD69A00E4407C /* Dependency */,
				01BFC5922AACD34C00E4407C /* Store */,
				016600652A424F1700E5E2F8 /* DataTransformer */,
				012902EA2A3DE8F000DC5712 /* Auth */,
				01AC30DB2A0B0E3600AE01BE /* Info.plist */,
				013C51E529F5A801006AF055 /* Model */,
				013C51E129F5A7DE006AF055 /* View */,
				01DF42FB29F545790066F88F /* DataMobileUIApp.swift */,
				01DF42FF29F5457B0066F88F /* Assets.xcassets */,
				01DF430129F5457B0066F88F /* Preview Content */,
			);
			path = DataMobileUI;
			sourceTree = "<group>";
		};
		01DF430129F5457B0066F88F /* Preview Content */ = {
			isa = PBXGroup;
			children = (
				01DF430229F5457B0066F88F /* Preview Assets.xcassets */,
			);
			path = "Preview Content";
			sourceTree = "<group>";
		};
/* End PBXGroup section */

/* Begin PBXNativeTarget section */
		01DF42F729F545790066F88F /* DataMobileUI */ = {
			isa = PBXNativeTarget;
			buildConfigurationList = 01DF430629F5457B0066F88F /* Build configuration list for PBXNativeTarget "DataMobileUI" */;
			buildPhases = (
				01DF42F429F545790066F88F /* Sources */,
				01DF42F529F545790066F88F /* Frameworks */,
				01DF42F629F545790066F88F /* Resources */,
				012903132A3E332300DC5712 /* Copy Frameworks */,
			);
			buildRules = (
			);
			dependencies = (
			);
			name = DataMobileUI;
			packageProductDependencies = (
				01DAB4F12A3D048500752073 /* DuckDB */,
				012902F22A3DEA0A00DC5712 /* Alamofire */,
				012903212A3E3DF600DC5712 /* OAuth2 */,
				0166006D2A42EBEC00E5E2F8 /* WrappingHStack */,
				01B7CD462AAA741E007902AD /* ComposableArchitecture */,
				01C2B42A2AC22B2600078B44 /* FirebaseAnalytics */,
				01C2B42C2AC22B2600078B44 /* FirebaseAnalyticsOnDeviceConversion */,
				01C2B42E2AC22B2600078B44 /* FirebaseAnalyticsSwift */,
				01C2B4302AC22B2600078B44 /* FirebaseAnalyticsWithoutAdIdSupport */,
				01C2B4322AC22B2600078B44 /* FirebaseAppCheck */,
				01C2B4342AC22B2600078B44 /* FirebaseAppDistribution-Beta */,
				01C2B4362AC22B2600078B44 /* FirebaseAuth */,
				01C2B4382AC22B2600078B44 /* FirebaseAuthCombine-Community */,
				01C2B43A2AC22B2600078B44 /* FirebaseCrashlytics */,
				01C2B43C2AC22B2600078B44 /* FirebaseDatabase */,
				01C2B43E2AC22B2600078B44 /* FirebaseDatabaseSwift */,
				01C2B4402AC22B2600078B44 /* FirebaseDynamicLinks */,
				01C2B4422AC22B2600078B44 /* FirebaseFirestore */,
				01C2B4442AC22B2600078B44 /* FirebaseFirestoreCombine-Community */,
				01C2B4462AC22B2600078B44 /* FirebaseFirestoreSwift */,
				01C2B4482AC22B2600078B44 /* FirebaseFunctions */,
				01C2B44A2AC22B2600078B44 /* FirebaseFunctionsCombine-Community */,
				01C2B44C2AC22B2600078B44 /* FirebaseInAppMessaging-Beta */,
				01C2B44E2AC22B2600078B44 /* FirebaseInAppMessagingSwift-Beta */,
				01C2B4502AC22B2600078B44 /* FirebaseInstallations */,
				01C2B4522AC22B2600078B44 /* FirebaseMLModelDownloader */,
				01C2B4542AC22B2600078B44 /* FirebaseMessaging */,
				01C2B4562AC22B2600078B44 /* FirebasePerformance */,
				01C2B4582AC22B2600078B44 /* FirebaseRemoteConfig */,
				01C2B45A2AC22B2600078B44 /* FirebaseRemoteConfigSwift */,
				01C2B45C2AC22B2600078B44 /* FirebaseStorage */,
				01C2B45E2AC22B2600078B44 /* FirebaseStorageCombine-Community */,
				01C2B46A2AC4A80700078B44 /* GoogleSignIn */,
				01C2B46C2AC4A80700078B44 /* GoogleSignInSwift */,
			);
			productName = DataMobileUI;
			productReference = 01DF42F829F545790066F88F /* DataMobileUI.app */;
			productType = "com.apple.product-type.application";
		};
/* End PBXNativeTarget section */

/* Begin PBXProject section */
		01DF42F029F545790066F88F /* Project object */ = {
			isa = PBXProject;
			attributes = {
				BuildIndependentTargetsInParallel = 1;
				LastSwiftUpdateCheck = 1420;
				LastUpgradeCheck = 1420;
				TargetAttributes = {
					01DF42F729F545790066F88F = {
						CreatedOnToolsVersion = 14.2;
					};
				};
			};
			buildConfigurationList = 01DF42F329F545790066F88F /* Build configuration list for PBXProject "DataMobileUI" */;
			compatibilityVersion = "Xcode 14.0";
			developmentRegion = en;
			hasScannedForEncodings = 0;
			knownRegions = (
				en,
				Base,
			);
			mainGroup = 01DF42EF29F545790066F88F;
			packageReferences = (
				01DAB4F02A3D048400752073 /* XCRemoteSwiftPackageReference "duckdb-swift" */,
				012902F12A3DEA0A00DC5712 /* XCRemoteSwiftPackageReference "Alamofire" */,
				012903202A3E3DF600DC5712 /* XCRemoteSwiftPackageReference "OAuth2" */,
				0166006C2A42EBEC00E5E2F8 /* XCRemoteSwiftPackageReference "WrappingHStack" */,
				01B7CD452AAA741E007902AD /* XCRemoteSwiftPackageReference "swift-composable-architecture" */,
				01C2B4292AC22B2600078B44 /* XCRemoteSwiftPackageReference "firebase-ios-sdk" */,
				01C2B4692AC4A80700078B44 /* XCRemoteSwiftPackageReference "GoogleSignIn-iOS" */,
			);
			productRefGroup = 01DF42F929F545790066F88F /* Products */;
			projectDirPath = "";
			projectRoot = "";
			targets = (
				01DF42F729F545790066F88F /* DataMobileUI */,
			);
		};
/* End PBXProject section */

/* Begin PBXResourcesBuildPhase section */
		01DF42F629F545790066F88F /* Resources */ = {
			isa = PBXResourcesBuildPhase;
			buildActionMask = 2147483647;
			files = (
				01DF430329F5457B0066F88F /* Preview Assets.xcassets in Resources */,
				01DF430029F5457B0066F88F /* Assets.xcassets in Resources */,
				01C2B4662AC236EF00078B44 /* GoogleService-Info.plist in Resources */,
			);
			runOnlyForDeploymentPostprocessing = 0;
		};
/* End PBXResourcesBuildPhase section */

/* Begin PBXSourcesBuildPhase section */
		01DF42F429F545790066F88F /* Sources */ = {
			isa = PBXSourcesBuildPhase;
			buildActionMask = 2147483647;
			files = (
				01BFC5A52AADD71900E4407C /* StravaAuthReducer.swift in Sources */,
				01DF42FE29F545790066F88F /* ContentView.swift in Sources */,
				0166006B2A42630D00E5E2F8 /* DataSource.swift in Sources */,
				01C2B4702AC4AC9E00078B44 /* FirebaseGoogleAuth.swift in Sources */,
				0166005F2A3F9A1300E5E2F8 /* EditHub.swift in Sources */,
				01BFC59B2AACF79300E4407C /* CoreDataManager.swift in Sources */,
				016600612A3F9A2A00E5E2F8 /* Selector.swift in Sources */,
				0176069A2ACA145C00CBDC7E /* DashboardListView.swift in Sources */,
				01BFC5A72AAE0C4D00E4407C /* RootReducer.swift in Sources */,
				01BFC5972AACD6AA00E4407C /* ChartItemsClient.swift in Sources */,
				017606962AC992FF00CBDC7E /* ChartData.swift in Sources */,
				01BFC5A92AAE6BA600E4407C /* RootView.swift in Sources */,
				01A0E7F829F922D20080E576 /* ChartItem.swift in Sources */,
				013C51E329F5A7EF006AF055 /* DashboardView.swift in Sources */,
				017606932AC8D91A00CBDC7E /* Dashboard.swift in Sources */,
				01A0E7F629F9224E0080E576 /* ChartView.swift in Sources */,
				012902F82A3E062D00DC5712 /* StravaApi.swift in Sources */,
				013C51E729F5A811006AF055 /* DashboardReducer.swift in Sources */,
				017606982AC9EE1600CBDC7E /* DashboardListReducer.swift in Sources */,
				012902ED2A3DE92400DC5712 /* StravaAuth.swift in Sources */,
				01C2B4622AC231FB00078B44 /* AppDelegate.swift in Sources */,
				01A2E6752ABF243800120978 /* ChartContentEntity+CoreDataProperties.swift in Sources */,
				01D046CD2A3F2F3D004AF3F0 /* ChartEditorView.swift in Sources */,
				01D046CB2A3F2013004AF3F0 /* LoginView.swift in Sources */,
				01A2E6742ABF243800120978 /* ChartContentEntity+CoreDataClass.swift in Sources */,
				012903242A3E3FB900DC5712 /* OAuth2RetryHandler.swift in Sources */,
				016600672A424F4300E5E2F8 /* FirebaseClient.swift in Sources */,
				01BFC5942AACD35F00E4407C /* ChartItemsReducer.swift in Sources */,
				017606912AC63F3100CBDC7E /* DM_User.swift in Sources */,
				01BFC5A12AACFA2900E4407C /* DataMobileUI.xcdatamodeld in Sources */,
				01A2E6762ABF243800120978 /* ChartItemEntity+CoreDataClass.swift in Sources */,
				01A2E6772ABF243800120978 /* ChartItemEntity+CoreDataProperties.swift in Sources */,
				01C2B4642AC2332700078B44 /* FirebaseDataManager.swift in Sources */,
				01C2B4722AC4C2E200078B44 /* GoogleAuthReducer.swift in Sources */,
				01D046CF2A3F5E3D004AF3F0 /* Activity.swift in Sources */,
				01C2B4682AC38B5800078B44 /* Athlete.swift in Sources */,
				01DF42FC29F545790066F88F /* DataMobileUIApp.swift in Sources */,
				01BFC5A32AAD24D300E4407C /* ChartEditorReducer.swift in Sources */,
			);
			runOnlyForDeploymentPostprocessing = 0;
		};
/* End PBXSourcesBuildPhase section */

/* Begin XCBuildConfiguration section */
		01DF430429F5457B0066F88F /* Debug */ = {
			isa = XCBuildConfiguration;
			buildSettings = {
				ALWAYS_SEARCH_USER_PATHS = NO;
				CLANG_ANALYZER_NONNULL = YES;
				CLANG_ANALYZER_NUMBER_OBJECT_CONVERSION = YES_AGGRESSIVE;
				CLANG_CXX_LANGUAGE_STANDARD = "gnu++20";
				CLANG_ENABLE_MODULES = YES;
				CLANG_ENABLE_OBJC_ARC = YES;
				CLANG_ENABLE_OBJC_WEAK = YES;
				CLANG_WARN_BLOCK_CAPTURE_AUTORELEASING = YES;
				CLANG_WARN_BOOL_CONVERSION = YES;
				CLANG_WARN_COMMA = YES;
				CLANG_WARN_CONSTANT_CONVERSION = YES;
				CLANG_WARN_DEPRECATED_OBJC_IMPLEMENTATIONS = YES;
				CLANG_WARN_DIRECT_OBJC_ISA_USAGE = YES_ERROR;
				CLANG_WARN_DOCUMENTATION_COMMENTS = YES;
				CLANG_WARN_EMPTY_BODY = YES;
				CLANG_WARN_ENUM_CONVERSION = YES;
				CLANG_WARN_INFINITE_RECURSION = YES;
				CLANG_WARN_INT_CONVERSION = YES;
				CLANG_WARN_NON_LITERAL_NULL_CONVERSION = YES;
				CLANG_WARN_OBJC_IMPLICIT_RETAIN_SELF = YES;
				CLANG_WARN_OBJC_LITERAL_CONVERSION = YES;
				CLANG_WARN_OBJC_ROOT_CLASS = YES_ERROR;
				CLANG_WARN_QUOTED_INCLUDE_IN_FRAMEWORK_HEADER = YES;
				CLANG_WARN_RANGE_LOOP_ANALYSIS = YES;
				CLANG_WARN_STRICT_PROTOTYPES = YES;
				CLANG_WARN_SUSPICIOUS_MOVE = YES;
				CLANG_WARN_UNGUARDED_AVAILABILITY = YES_AGGRESSIVE;
				CLANG_WARN_UNREACHABLE_CODE = YES;
				CLANG_WARN__DUPLICATE_METHOD_MATCH = YES;
				COPY_PHASE_STRIP = NO;
				DEBUG_INFORMATION_FORMAT = dwarf;
				ENABLE_STRICT_OBJC_MSGSEND = YES;
				ENABLE_TESTABILITY = YES;
				GCC_C_LANGUAGE_STANDARD = gnu11;
				GCC_DYNAMIC_NO_PIC = NO;
				GCC_NO_COMMON_BLOCKS = YES;
				GCC_OPTIMIZATION_LEVEL = 0;
				GCC_PREPROCESSOR_DEFINITIONS = (
					"DEBUG=1",
					"$(inherited)",
				);
				GCC_WARN_64_TO_32_BIT_CONVERSION = YES;
				GCC_WARN_ABOUT_RETURN_TYPE = YES_ERROR;
				GCC_WARN_UNDECLARED_SELECTOR = YES;
				GCC_WARN_UNINITIALIZED_AUTOS = YES_AGGRESSIVE;
				GCC_WARN_UNUSED_FUNCTION = YES;
				GCC_WARN_UNUSED_VARIABLE = YES;
				IPHONEOS_DEPLOYMENT_TARGET = 16.2;
				MTL_ENABLE_DEBUG_INFO = INCLUDE_SOURCE;
				MTL_FAST_MATH = YES;
				ONLY_ACTIVE_ARCH = YES;
				SDKROOT = iphoneos;
				STRAVA_CLIENT_ID = 109187;
				STRAVA_CLIENT_SECRET = e70e27e2db4f1f266586256971fc4ba9e82dc5f7;
				SWIFT_ACTIVE_COMPILATION_CONDITIONS = DEBUG;
				SWIFT_OPTIMIZATION_LEVEL = "-Onone";
			};
			name = Debug;
		};
		01DF430529F5457B0066F88F /* Release */ = {
			isa = XCBuildConfiguration;
			buildSettings = {
				ALWAYS_SEARCH_USER_PATHS = NO;
				CLANG_ANALYZER_NONNULL = YES;
				CLANG_ANALYZER_NUMBER_OBJECT_CONVERSION = YES_AGGRESSIVE;
				CLANG_CXX_LANGUAGE_STANDARD = "gnu++20";
				CLANG_ENABLE_MODULES = YES;
				CLANG_ENABLE_OBJC_ARC = YES;
				CLANG_ENABLE_OBJC_WEAK = YES;
				CLANG_WARN_BLOCK_CAPTURE_AUTORELEASING = YES;
				CLANG_WARN_BOOL_CONVERSION = YES;
				CLANG_WARN_COMMA = YES;
				CLANG_WARN_CONSTANT_CONVERSION = YES;
				CLANG_WARN_DEPRECATED_OBJC_IMPLEMENTATIONS = YES;
				CLANG_WARN_DIRECT_OBJC_ISA_USAGE = YES_ERROR;
				CLANG_WARN_DOCUMENTATION_COMMENTS = YES;
				CLANG_WARN_EMPTY_BODY = YES;
				CLANG_WARN_ENUM_CONVERSION = YES;
				CLANG_WARN_INFINITE_RECURSION = YES;
				CLANG_WARN_INT_CONVERSION = YES;
				CLANG_WARN_NON_LITERAL_NULL_CONVERSION = YES;
				CLANG_WARN_OBJC_IMPLICIT_RETAIN_SELF = YES;
				CLANG_WARN_OBJC_LITERAL_CONVERSION = YES;
				CLANG_WARN_OBJC_ROOT_CLASS = YES_ERROR;
				CLANG_WARN_QUOTED_INCLUDE_IN_FRAMEWORK_HEADER = YES;
				CLANG_WARN_RANGE_LOOP_ANALYSIS = YES;
				CLANG_WARN_STRICT_PROTOTYPES = YES;
				CLANG_WARN_SUSPICIOUS_MOVE = YES;
				CLANG_WARN_UNGUARDED_AVAILABILITY = YES_AGGRESSIVE;
				CLANG_WARN_UNREACHABLE_CODE = YES;
				CLANG_WARN__DUPLICATE_METHOD_MATCH = YES;
				COPY_PHASE_STRIP = NO;
				DEBUG_INFORMATION_FORMAT = "dwarf-with-dsym";
				ENABLE_NS_ASSERTIONS = NO;
				ENABLE_STRICT_OBJC_MSGSEND = YES;
				GCC_C_LANGUAGE_STANDARD = gnu11;
				GCC_NO_COMMON_BLOCKS = YES;
				GCC_WARN_64_TO_32_BIT_CONVERSION = YES;
				GCC_WARN_ABOUT_RETURN_TYPE = YES_ERROR;
				GCC_WARN_UNDECLARED_SELECTOR = YES;
				GCC_WARN_UNINITIALIZED_AUTOS = YES_AGGRESSIVE;
				GCC_WARN_UNUSED_FUNCTION = YES;
				GCC_WARN_UNUSED_VARIABLE = YES;
				IPHONEOS_DEPLOYMENT_TARGET = 16.2;
				MTL_ENABLE_DEBUG_INFO = NO;
				MTL_FAST_MATH = YES;
				SDKROOT = iphoneos;
				STRAVA_CLIENT_ID = 109187;
				STRAVA_CLIENT_SECRET = e70e27e2db4f1f266586256971fc4ba9e82dc5f7;
				SWIFT_COMPILATION_MODE = wholemodule;
				SWIFT_OPTIMIZATION_LEVEL = "-O";
				VALIDATE_PRODUCT = YES;
			};
			name = Release;
		};
		01DF430729F5457B0066F88F /* Debug */ = {
			isa = XCBuildConfiguration;
			buildSettings = {
				ASSETCATALOG_COMPILER_APPICON_NAME = AppIcon;
				ASSETCATALOG_COMPILER_GLOBAL_ACCENT_COLOR_NAME = AccentColor;
				CODE_SIGN_STYLE = Automatic;
				CURRENT_PROJECT_VERSION = 1;
				DEVELOPMENT_ASSET_PATHS = "\"DataMobileUI/Preview Content\"";
				DEVELOPMENT_TEAM = 8K5DK6SMM4;
				ENABLE_PREVIEWS = YES;
				GENERATE_INFOPLIST_FILE = YES;
				INFOPLIST_FILE = DataMobileUI/Info.plist;
				INFOPLIST_KEY_UIApplicationSceneManifest_Generation = YES;
				INFOPLIST_KEY_UIApplicationSupportsIndirectInputEvents = YES;
				INFOPLIST_KEY_UILaunchScreen_Generation = YES;
				INFOPLIST_KEY_UISupportedInterfaceOrientations_iPad = "UIInterfaceOrientationPortrait UIInterfaceOrientationPortraitUpsideDown UIInterfaceOrientationLandscapeLeft UIInterfaceOrientationLandscapeRight";
				INFOPLIST_KEY_UISupportedInterfaceOrientations_iPhone = "UIInterfaceOrientationPortrait UIInterfaceOrientationLandscapeLeft UIInterfaceOrientationLandscapeRight";
				IPHONEOS_DEPLOYMENT_TARGET = 17.0;
				LD_RUNPATH_SEARCH_PATHS = (
					"$(inherited)",
					"@executable_path/Frameworks",
				);
				MARKETING_VERSION = 1.0;
				PRODUCT_BUNDLE_IDENTIFIER = pl.szyorz.DataMobileUI;
				PRODUCT_NAME = "$(TARGET_NAME)";
				SWIFT_EMIT_LOC_STRINGS = YES;
				SWIFT_VERSION = 5.0;
				TARGETED_DEVICE_FAMILY = "1,2";
			};
			name = Debug;
		};
		01DF430829F5457B0066F88F /* Release */ = {
			isa = XCBuildConfiguration;
			buildSettings = {
				ASSETCATALOG_COMPILER_APPICON_NAME = AppIcon;
				ASSETCATALOG_COMPILER_GLOBAL_ACCENT_COLOR_NAME = AccentColor;
				CODE_SIGN_STYLE = Automatic;
				CURRENT_PROJECT_VERSION = 1;
				DEVELOPMENT_ASSET_PATHS = "\"DataMobileUI/Preview Content\"";
				DEVELOPMENT_TEAM = 8K5DK6SMM4;
				ENABLE_PREVIEWS = YES;
				GENERATE_INFOPLIST_FILE = YES;
				INFOPLIST_FILE = DataMobileUI/Info.plist;
				INFOPLIST_KEY_UIApplicationSceneManifest_Generation = YES;
				INFOPLIST_KEY_UIApplicationSupportsIndirectInputEvents = YES;
				INFOPLIST_KEY_UILaunchScreen_Generation = YES;
				INFOPLIST_KEY_UISupportedInterfaceOrientations_iPad = "UIInterfaceOrientationPortrait UIInterfaceOrientationPortraitUpsideDown UIInterfaceOrientationLandscapeLeft UIInterfaceOrientationLandscapeRight";
				INFOPLIST_KEY_UISupportedInterfaceOrientations_iPhone = "UIInterfaceOrientationPortrait UIInterfaceOrientationLandscapeLeft UIInterfaceOrientationLandscapeRight";
				IPHONEOS_DEPLOYMENT_TARGET = 17.0;
				LD_RUNPATH_SEARCH_PATHS = (
					"$(inherited)",
					"@executable_path/Frameworks",
				);
				MARKETING_VERSION = 1.0;
				PRODUCT_BUNDLE_IDENTIFIER = pl.szyorz.DataMobileUI;
				PRODUCT_NAME = "$(TARGET_NAME)";
				SWIFT_EMIT_LOC_STRINGS = YES;
				SWIFT_VERSION = 5.0;
				TARGETED_DEVICE_FAMILY = "1,2";
			};
			name = Release;
		};
/* End XCBuildConfiguration section */

/* Begin XCConfigurationList section */
		01DF42F329F545790066F88F /* Build configuration list for PBXProject "DataMobileUI" */ = {
			isa = XCConfigurationList;
			buildConfigurations = (
				01DF430429F5457B0066F88F /* Debug */,
				01DF430529F5457B0066F88F /* Release */,
			);
			defaultConfigurationIsVisible = 0;
			defaultConfigurationName = Release;
		};
		01DF430629F5457B0066F88F /* Build configuration list for PBXNativeTarget "DataMobileUI" */ = {
			isa = XCConfigurationList;
			buildConfigurations = (
				01DF430729F5457B0066F88F /* Debug */,
				01DF430829F5457B0066F88F /* Release */,
			);
			defaultConfigurationIsVisible = 0;
			defaultConfigurationName = Release;
		};
/* End XCConfigurationList section */

/* Begin XCRemoteSwiftPackageReference section */
		012902F12A3DEA0A00DC5712 /* XCRemoteSwiftPackageReference "Alamofire" */ = {
			isa = XCRemoteSwiftPackageReference;
			repositoryURL = "https://github.com/Alamofire/Alamofire";
			requirement = {
				kind = upToNextMajorVersion;
				minimumVersion = 5.7.1;
			};
		};
		012903202A3E3DF600DC5712 /* XCRemoteSwiftPackageReference "OAuth2" */ = {
			isa = XCRemoteSwiftPackageReference;
			repositoryURL = "https://github.com/p2/OAuth2";
			requirement = {
				kind = upToNextMajorVersion;
				minimumVersion = 5.3.2;
			};
		};
		0166006C2A42EBEC00E5E2F8 /* XCRemoteSwiftPackageReference "WrappingHStack" */ = {
			isa = XCRemoteSwiftPackageReference;
			repositoryURL = "https://github.com/dkk/WrappingHStack";
			requirement = {
				kind = upToNextMajorVersion;
				minimumVersion = 2.2.10;
			};
		};
		01B7CD452AAA741E007902AD /* XCRemoteSwiftPackageReference "swift-composable-architecture" */ = {
			isa = XCRemoteSwiftPackageReference;
			repositoryURL = "https://github.com/pointfreeco/swift-composable-architecture";
			requirement = {
				kind = upToNextMajorVersion;
				minimumVersion = 1.2.0;
			};
		};
		01C2B4292AC22B2600078B44 /* XCRemoteSwiftPackageReference "firebase-ios-sdk" */ = {
			isa = XCRemoteSwiftPackageReference;
			repositoryURL = "https://github.com/firebase/firebase-ios-sdk";
			requirement = {
				kind = upToNextMajorVersion;
				minimumVersion = 10.15.0;
			};
		};
		01C2B4692AC4A80700078B44 /* XCRemoteSwiftPackageReference "GoogleSignIn-iOS" */ = {
			isa = XCRemoteSwiftPackageReference;
			repositoryURL = "https://github.com/google/GoogleSignIn-iOS";
			requirement = {
				kind = upToNextMajorVersion;
				minimumVersion = 7.0.0;
			};
		};
		01DAB4F02A3D048400752073 /* XCRemoteSwiftPackageReference "duckdb-swift" */ = {
			isa = XCRemoteSwiftPackageReference;
			repositoryURL = "https://github.com/duckdb/duckdb-swift";
			requirement = {
				kind = upToNextMajorVersion;
				minimumVersion = 0.8.1;
			};
		};
/* End XCRemoteSwiftPackageReference section */

/* Begin XCSwiftPackageProductDependency section */
		012902F22A3DEA0A00DC5712 /* Alamofire */ = {
			isa = XCSwiftPackageProductDependency;
			package = 012902F12A3DEA0A00DC5712 /* XCRemoteSwiftPackageReference "Alamofire" */;
			productName = Alamofire;
		};
		012903212A3E3DF600DC5712 /* OAuth2 */ = {
			isa = XCSwiftPackageProductDependency;
			package = 012903202A3E3DF600DC5712 /* XCRemoteSwiftPackageReference "OAuth2" */;
			productName = OAuth2;
		};
		0166006D2A42EBEC00E5E2F8 /* WrappingHStack */ = {
			isa = XCSwiftPackageProductDependency;
			package = 0166006C2A42EBEC00E5E2F8 /* XCRemoteSwiftPackageReference "WrappingHStack" */;
			productName = WrappingHStack;
		};
		01B7CD462AAA741E007902AD /* ComposableArchitecture */ = {
			isa = XCSwiftPackageProductDependency;
			package = 01B7CD452AAA741E007902AD /* XCRemoteSwiftPackageReference "swift-composable-architecture" */;
			productName = ComposableArchitecture;
		};
		01C2B42A2AC22B2600078B44 /* FirebaseAnalytics */ = {
			isa = XCSwiftPackageProductDependency;
			package = 01C2B4292AC22B2600078B44 /* XCRemoteSwiftPackageReference "firebase-ios-sdk" */;
			productName = FirebaseAnalytics;
		};
		01C2B42C2AC22B2600078B44 /* FirebaseAnalyticsOnDeviceConversion */ = {
			isa = XCSwiftPackageProductDependency;
			package = 01C2B4292AC22B2600078B44 /* XCRemoteSwiftPackageReference "firebase-ios-sdk" */;
			productName = FirebaseAnalyticsOnDeviceConversion;
		};
		01C2B42E2AC22B2600078B44 /* FirebaseAnalyticsSwift */ = {
			isa = XCSwiftPackageProductDependency;
			package = 01C2B4292AC22B2600078B44 /* XCRemoteSwiftPackageReference "firebase-ios-sdk" */;
			productName = FirebaseAnalyticsSwift;
		};
		01C2B4302AC22B2600078B44 /* FirebaseAnalyticsWithoutAdIdSupport */ = {
			isa = XCSwiftPackageProductDependency;
			package = 01C2B4292AC22B2600078B44 /* XCRemoteSwiftPackageReference "firebase-ios-sdk" */;
			productName = FirebaseAnalyticsWithoutAdIdSupport;
		};
		01C2B4322AC22B2600078B44 /* FirebaseAppCheck */ = {
			isa = XCSwiftPackageProductDependency;
			package = 01C2B4292AC22B2600078B44 /* XCRemoteSwiftPackageReference "firebase-ios-sdk" */;
			productName = FirebaseAppCheck;
		};
		01C2B4342AC22B2600078B44 /* FirebaseAppDistribution-Beta */ = {
			isa = XCSwiftPackageProductDependency;
			package = 01C2B4292AC22B2600078B44 /* XCRemoteSwiftPackageReference "firebase-ios-sdk" */;
			productName = "FirebaseAppDistribution-Beta";
		};
		01C2B4362AC22B2600078B44 /* FirebaseAuth */ = {
			isa = XCSwiftPackageProductDependency;
			package = 01C2B4292AC22B2600078B44 /* XCRemoteSwiftPackageReference "firebase-ios-sdk" */;
			productName = FirebaseAuth;
		};
		01C2B4382AC22B2600078B44 /* FirebaseAuthCombine-Community */ = {
			isa = XCSwiftPackageProductDependency;
			package = 01C2B4292AC22B2600078B44 /* XCRemoteSwiftPackageReference "firebase-ios-sdk" */;
			productName = "FirebaseAuthCombine-Community";
		};
		01C2B43A2AC22B2600078B44 /* FirebaseCrashlytics */ = {
			isa = XCSwiftPackageProductDependency;
			package = 01C2B4292AC22B2600078B44 /* XCRemoteSwiftPackageReference "firebase-ios-sdk" */;
			productName = FirebaseCrashlytics;
		};
		01C2B43C2AC22B2600078B44 /* FirebaseDatabase */ = {
			isa = XCSwiftPackageProductDependency;
			package = 01C2B4292AC22B2600078B44 /* XCRemoteSwiftPackageReference "firebase-ios-sdk" */;
			productName = FirebaseDatabase;
		};
		01C2B43E2AC22B2600078B44 /* FirebaseDatabaseSwift */ = {
			isa = XCSwiftPackageProductDependency;
			package = 01C2B4292AC22B2600078B44 /* XCRemoteSwiftPackageReference "firebase-ios-sdk" */;
			productName = FirebaseDatabaseSwift;
		};
		01C2B4402AC22B2600078B44 /* FirebaseDynamicLinks */ = {
			isa = XCSwiftPackageProductDependency;
			package = 01C2B4292AC22B2600078B44 /* XCRemoteSwiftPackageReference "firebase-ios-sdk" */;
			productName = FirebaseDynamicLinks;
		};
		01C2B4422AC22B2600078B44 /* FirebaseFirestore */ = {
			isa = XCSwiftPackageProductDependency;
			package = 01C2B4292AC22B2600078B44 /* XCRemoteSwiftPackageReference "firebase-ios-sdk" */;
			productName = FirebaseFirestore;
		};
		01C2B4442AC22B2600078B44 /* FirebaseFirestoreCombine-Community */ = {
			isa = XCSwiftPackageProductDependency;
			package = 01C2B4292AC22B2600078B44 /* XCRemoteSwiftPackageReference "firebase-ios-sdk" */;
			productName = "FirebaseFirestoreCombine-Community";
		};
		01C2B4462AC22B2600078B44 /* FirebaseFirestoreSwift */ = {
			isa = XCSwiftPackageProductDependency;
			package = 01C2B4292AC22B2600078B44 /* XCRemoteSwiftPackageReference "firebase-ios-sdk" */;
			productName = FirebaseFirestoreSwift;
		};
		01C2B4482AC22B2600078B44 /* FirebaseFunctions */ = {
			isa = XCSwiftPackageProductDependency;
			package = 01C2B4292AC22B2600078B44 /* XCRemoteSwiftPackageReference "firebase-ios-sdk" */;
			productName = FirebaseFunctions;
		};
		01C2B44A2AC22B2600078B44 /* FirebaseFunctionsCombine-Community */ = {
			isa = XCSwiftPackageProductDependency;
			package = 01C2B4292AC22B2600078B44 /* XCRemoteSwiftPackageReference "firebase-ios-sdk" */;
			productName = "FirebaseFunctionsCombine-Community";
		};
		01C2B44C2AC22B2600078B44 /* FirebaseInAppMessaging-Beta */ = {
			isa = XCSwiftPackageProductDependency;
			package = 01C2B4292AC22B2600078B44 /* XCRemoteSwiftPackageReference "firebase-ios-sdk" */;
			productName = "FirebaseInAppMessaging-Beta";
		};
		01C2B44E2AC22B2600078B44 /* FirebaseInAppMessagingSwift-Beta */ = {
			isa = XCSwiftPackageProductDependency;
			package = 01C2B4292AC22B2600078B44 /* XCRemoteSwiftPackageReference "firebase-ios-sdk" */;
			productName = "FirebaseInAppMessagingSwift-Beta";
		};
		01C2B4502AC22B2600078B44 /* FirebaseInstallations */ = {
			isa = XCSwiftPackageProductDependency;
			package = 01C2B4292AC22B2600078B44 /* XCRemoteSwiftPackageReference "firebase-ios-sdk" */;
			productName = FirebaseInstallations;
		};
		01C2B4522AC22B2600078B44 /* FirebaseMLModelDownloader */ = {
			isa = XCSwiftPackageProductDependency;
			package = 01C2B4292AC22B2600078B44 /* XCRemoteSwiftPackageReference "firebase-ios-sdk" */;
			productName = FirebaseMLModelDownloader;
		};
		01C2B4542AC22B2600078B44 /* FirebaseMessaging */ = {
			isa = XCSwiftPackageProductDependency;
			package = 01C2B4292AC22B2600078B44 /* XCRemoteSwiftPackageReference "firebase-ios-sdk" */;
			productName = FirebaseMessaging;
		};
		01C2B4562AC22B2600078B44 /* FirebasePerformance */ = {
			isa = XCSwiftPackageProductDependency;
			package = 01C2B4292AC22B2600078B44 /* XCRemoteSwiftPackageReference "firebase-ios-sdk" */;
			productName = FirebasePerformance;
		};
		01C2B4582AC22B2600078B44 /* FirebaseRemoteConfig */ = {
			isa = XCSwiftPackageProductDependency;
			package = 01C2B4292AC22B2600078B44 /* XCRemoteSwiftPackageReference "firebase-ios-sdk" */;
			productName = FirebaseRemoteConfig;
		};
		01C2B45A2AC22B2600078B44 /* FirebaseRemoteConfigSwift */ = {
			isa = XCSwiftPackageProductDependency;
			package = 01C2B4292AC22B2600078B44 /* XCRemoteSwiftPackageReference "firebase-ios-sdk" */;
			productName = FirebaseRemoteConfigSwift;
		};
		01C2B45C2AC22B2600078B44 /* FirebaseStorage */ = {
			isa = XCSwiftPackageProductDependency;
			package = 01C2B4292AC22B2600078B44 /* XCRemoteSwiftPackageReference "firebase-ios-sdk" */;
			productName = FirebaseStorage;
		};
		01C2B45E2AC22B2600078B44 /* FirebaseStorageCombine-Community */ = {
			isa = XCSwiftPackageProductDependency;
			package = 01C2B4292AC22B2600078B44 /* XCRemoteSwiftPackageReference "firebase-ios-sdk" */;
			productName = "FirebaseStorageCombine-Community";
		};
		01C2B46A2AC4A80700078B44 /* GoogleSignIn */ = {
			isa = XCSwiftPackageProductDependency;
			package = 01C2B4692AC4A80700078B44 /* XCRemoteSwiftPackageReference "GoogleSignIn-iOS" */;
			productName = GoogleSignIn;
		};
		01C2B46C2AC4A80700078B44 /* GoogleSignInSwift */ = {
			isa = XCSwiftPackageProductDependency;
			package = 01C2B4692AC4A80700078B44 /* XCRemoteSwiftPackageReference "GoogleSignIn-iOS" */;
			productName = GoogleSignInSwift;
		};
		01DAB4F12A3D048500752073 /* DuckDB */ = {
			isa = XCSwiftPackageProductDependency;
			package = 01DAB4F02A3D048400752073 /* XCRemoteSwiftPackageReference "duckdb-swift" */;
			productName = DuckDB;
		};
/* End XCSwiftPackageProductDependency section */

/* Begin XCVersionGroup section */
		01BFC59F2AACFA2900E4407C /* DataMobileUI.xcdatamodeld */ = {
			isa = XCVersionGroup;
			children = (
				01BFC5A02AACFA2900E4407C /* ChartItemEntity.xcdatamodel */,
			);
			currentVersion = 01BFC5A02AACFA2900E4407C /* ChartItemEntity.xcdatamodel */;
			path = DataMobileUI.xcdatamodeld;
			sourceTree = "<group>";
			versionGroupType = wrapper.xcdatamodel;
		};
/* End XCVersionGroup section */
	};
	rootObject = 01DF42F029F545790066F88F /* Project object */;
}
