// !$*UTF8*$!
{
	archiveVersion = 1;
	classes = {
	};
	objectVersion = 60;
	objects = {

/* Begin PBXBuildFile section */
		012902F32A3DEA0A00DC5712 /* Alamofire in Frameworks */ = {isa = PBXBuildFile; productRef = 012902F22A3DEA0A00DC5712 /* Alamofire */; };
		012903222A3E3DF600DC5712 /* OAuth2 in Frameworks */ = {isa = PBXBuildFile; productRef = 012903212A3E3DF600DC5712 /* OAuth2 */; };
		013BF53C2B81054C00A9947D /* FilterValueSelectionView.swift in Sources */ = {isa = PBXBuildFile; fileRef = 013BF53B2B81054C00A9947D /* FilterValueSelectionView.swift */; };
		013BF53E2B81134700A9947D /* FilterValueSelectionReducer.swift in Sources */ = {isa = PBXBuildFile; fileRef = 013BF53D2B81134700A9947D /* FilterValueSelectionReducer.swift */; };
		013BF5402BC17C8B00A9947D /* CheckboxField.swift in Sources */ = {isa = PBXBuildFile; fileRef = 013BF53F2BC17C8B00A9947D /* CheckboxField.swift */; };
		0166006E2A42EBEC00E5E2F8 /* WrappingHStack in Frameworks */ = {isa = PBXBuildFile; productRef = 0166006D2A42EBEC00E5E2F8 /* WrappingHStack */; };
		019D1FB52B09323C0025CE15 /* CubeQuery.swift in Sources */ = {isa = PBXBuildFile; fileRef = 019D1FB42B09323C0025CE15 /* CubeQuery.swift */; };
		01B7CD472AAA741E007902AD /* ComposableArchitecture in Frameworks */ = {isa = PBXBuildFile; productRef = 01B7CD462AAA741E007902AD /* ComposableArchitecture */; };
		01C2B42B2AC22B2600078B44 /* FirebaseAnalytics in Frameworks */ = {isa = PBXBuildFile; productRef = 01C2B42A2AC22B2600078B44 /* FirebaseAnalytics */; };
		01C2B42D2AC22B2600078B44 /* FirebaseAnalyticsOnDeviceConversion in Frameworks */ = {isa = PBXBuildFile; productRef = 01C2B42C2AC22B2600078B44 /* FirebaseAnalyticsOnDeviceConversion */; };
		01C2B42F2AC22B2600078B44 /* FirebaseAnalyticsSwift in Frameworks */ = {isa = PBXBuildFile; productRef = 01C2B42E2AC22B2600078B44 /* FirebaseAnalyticsSwift */; };
		01C2B4312AC22B2600078B44 /* FirebaseAnalyticsWithoutAdIdSupport in Frameworks */ = {isa = PBXBuildFile; productRef = 01C2B4302AC22B2600078B44 /* FirebaseAnalyticsWithoutAdIdSupport */; };
		01C2B4332AC22B2600078B44 /* FirebaseAppCheck in Frameworks */ = {isa = PBXBuildFile; productRef = 01C2B4322AC22B2600078B44 /* FirebaseAppCheck */; };
		01C2B4352AC22B2600078B44 /* FirebaseAppDistribution-Beta in Frameworks */ = {isa = PBXBuildFile; productRef = 01C2B4342AC22B2600078B44 /* FirebaseAppDistribution-Beta */; };
		01C2B4372AC22B2600078B44 /* FirebaseAuth in Frameworks */ = {isa = PBXBuildFile; productRef = 01C2B4362AC22B2600078B44 /* FirebaseAuth */; };
		01C2B4392AC22B2600078B44 /* FirebaseAuthCombine-Community in Frameworks */ = {isa = PBXBuildFile; productRef = 01C2B4382AC22B2600078B44 /* FirebaseAuthCombine-Community */; };
		01C2B43B2AC22B2600078B44 /* FirebaseCrashlytics in Frameworks */ = {isa = PBXBuildFile; productRef = 01C2B43A2AC22B2600078B44 /* FirebaseCrashlytics */; };
		01C2B43D2AC22B2600078B44 /* FirebaseDatabase in Frameworks */ = {isa = PBXBuildFile; productRef = 01C2B43C2AC22B2600078B44 /* FirebaseDatabase */; };
		01C2B43F2AC22B2600078B44 /* FirebaseDatabaseSwift in Frameworks */ = {isa = PBXBuildFile; productRef = 01C2B43E2AC22B2600078B44 /* FirebaseDatabaseSwift */; };
		01C2B4412AC22B2600078B44 /* FirebaseDynamicLinks in Frameworks */ = {isa = PBXBuildFile; productRef = 01C2B4402AC22B2600078B44 /* FirebaseDynamicLinks */; };
		01C2B4432AC22B2600078B44 /* FirebaseFirestore in Frameworks */ = {isa = PBXBuildFile; productRef = 01C2B4422AC22B2600078B44 /* FirebaseFirestore */; };
		01C2B4452AC22B2600078B44 /* FirebaseFirestoreCombine-Community in Frameworks */ = {isa = PBXBuildFile; productRef = 01C2B4442AC22B2600078B44 /* FirebaseFirestoreCombine-Community */; };
		01C2B4472AC22B2600078B44 /* FirebaseFirestoreSwift in Frameworks */ = {isa = PBXBuildFile; productRef = 01C2B4462AC22B2600078B44 /* FirebaseFirestoreSwift */; };
		01C2B4492AC22B2600078B44 /* FirebaseFunctions in Frameworks */ = {isa = PBXBuildFile; productRef = 01C2B4482AC22B2600078B44 /* FirebaseFunctions */; };
		01C2B44B2AC22B2600078B44 /* FirebaseFunctionsCombine-Community in Frameworks */ = {isa = PBXBuildFile; productRef = 01C2B44A2AC22B2600078B44 /* FirebaseFunctionsCombine-Community */; };
		01C2B44D2AC22B2600078B44 /* FirebaseInAppMessaging-Beta in Frameworks */ = {isa = PBXBuildFile; productRef = 01C2B44C2AC22B2600078B44 /* FirebaseInAppMessaging-Beta */; };
		01C2B44F2AC22B2600078B44 /* FirebaseInAppMessagingSwift-Beta in Frameworks */ = {isa = PBXBuildFile; productRef = 01C2B44E2AC22B2600078B44 /* FirebaseInAppMessagingSwift-Beta */; };
		01C2B4512AC22B2600078B44 /* FirebaseInstallations in Frameworks */ = {isa = PBXBuildFile; productRef = 01C2B4502AC22B2600078B44 /* FirebaseInstallations */; };
		01C2B4532AC22B2600078B44 /* FirebaseMLModelDownloader in Frameworks */ = {isa = PBXBuildFile; productRef = 01C2B4522AC22B2600078B44 /* FirebaseMLModelDownloader */; };
		01C2B4552AC22B2600078B44 /* FirebaseMessaging in Frameworks */ = {isa = PBXBuildFile; productRef = 01C2B4542AC22B2600078B44 /* FirebaseMessaging */; };
		01C2B4572AC22B2600078B44 /* FirebasePerformance in Frameworks */ = {isa = PBXBuildFile; productRef = 01C2B4562AC22B2600078B44 /* FirebasePerformance */; };
		01C2B4592AC22B2600078B44 /* FirebaseRemoteConfig in Frameworks */ = {isa = PBXBuildFile; productRef = 01C2B4582AC22B2600078B44 /* FirebaseRemoteConfig */; };
		01C2B45B2AC22B2600078B44 /* FirebaseRemoteConfigSwift in Frameworks */ = {isa = PBXBuildFile; productRef = 01C2B45A2AC22B2600078B44 /* FirebaseRemoteConfigSwift */; };
		01C2B45D2AC22B2600078B44 /* FirebaseStorage in Frameworks */ = {isa = PBXBuildFile; productRef = 01C2B45C2AC22B2600078B44 /* FirebaseStorage */; };
		01C2B45F2AC22B2600078B44 /* FirebaseStorageCombine-Community in Frameworks */ = {isa = PBXBuildFile; productRef = 01C2B45E2AC22B2600078B44 /* FirebaseStorageCombine-Community */; };
		01C2B46B2AC4A80700078B44 /* GoogleSignIn in Frameworks */ = {isa = PBXBuildFile; productRef = 01C2B46A2AC4A80700078B44 /* GoogleSignIn */; };
		01C2B46D2AC4A80700078B44 /* GoogleSignInSwift in Frameworks */ = {isa = PBXBuildFile; productRef = 01C2B46C2AC4A80700078B44 /* GoogleSignInSwift */; };
		01DAB4F22A3D048500752073 /* DuckDB in Frameworks */ = {isa = PBXBuildFile; productRef = 01DAB4F12A3D048500752073 /* DuckDB */; };
		01E3CDD52ADAD2CA001068D3 /* Assets.xcassets in Resources */ = {isa = PBXBuildFile; fileRef = 01E3CD9A2ADAD2CA001068D3 /* Assets.xcassets */; };
		01E3CDD62ADAD2CA001068D3 /* FitGraphsApp.swift in Sources */ = {isa = PBXBuildFile; fileRef = 01E3CD9B2ADAD2CA001068D3 /* FitGraphsApp.swift */; };
		01E3CDD72ADAD2CA001068D3 /* Cube.swift in Sources */ = {isa = PBXBuildFile; fileRef = 01E3CD9D2ADAD2CA001068D3 /* Cube.swift */; };
		01E3CDD82ADAD2CA001068D3 /* StravaAuth.swift in Sources */ = {isa = PBXBuildFile; fileRef = 01E3CDA02ADAD2CA001068D3 /* StravaAuth.swift */; };
		01E3CDD92ADAD2CA001068D3 /* OAuth2RetryHandler.swift in Sources */ = {isa = PBXBuildFile; fileRef = 01E3CDA12ADAD2CA001068D3 /* OAuth2RetryHandler.swift */; };
		01E3CDDA2ADAD2CA001068D3 /* FirebaseGoogleAuth.swift in Sources */ = {isa = PBXBuildFile; fileRef = 01E3CDA32ADAD2CA001068D3 /* FirebaseGoogleAuth.swift */; };
		01E3CDDB2ADAD2CA001068D3 /* FirebaseClient.swift in Sources */ = {isa = PBXBuildFile; fileRef = 01E3CDA52ADAD2CA001068D3 /* FirebaseClient.swift */; };
		01E3CDDC2ADAD2CA001068D3 /* ChartItemsClient.swift in Sources */ = {isa = PBXBuildFile; fileRef = 01E3CDA62ADAD2CA001068D3 /* ChartItemsClient.swift */; };
		01E3CDDD2ADAD2CA001068D3 /* StravaApi.swift in Sources */ = {isa = PBXBuildFile; fileRef = 01E3CDA72ADAD2CA001068D3 /* StravaApi.swift */; };
		01E3CDDE2ADAD2CA001068D3 /* DashboardView.swift in Sources */ = {isa = PBXBuildFile; fileRef = 01E3CDA92ADAD2CA001068D3 /* DashboardView.swift */; };
		01E3CDDF2ADAD2CA001068D3 /* DashboardListView.swift in Sources */ = {isa = PBXBuildFile; fileRef = 01E3CDAA2ADAD2CA001068D3 /* DashboardListView.swift */; };
		01E3CDE02ADAD2CA001068D3 /* SettingsView.swift in Sources */ = {isa = PBXBuildFile; fileRef = 01E3CDAB2ADAD2CA001068D3 /* SettingsView.swift */; };
		01E3CDE12ADAD2CA001068D3 /* ChartEditorView.swift in Sources */ = {isa = PBXBuildFile; fileRef = 01E3CDAC2ADAD2CA001068D3 /* ChartEditorView.swift */; };
		01E3CDE22ADAD2CA001068D3 /* ChartView.swift in Sources */ = {isa = PBXBuildFile; fileRef = 01E3CDAD2ADAD2CA001068D3 /* ChartView.swift */; };
		01E3CDE32ADAD2CA001068D3 /* LoginView.swift in Sources */ = {isa = PBXBuildFile; fileRef = 01E3CDAE2ADAD2CA001068D3 /* LoginView.swift */; };
		01E3CDE42ADAD2CA001068D3 /* Selector.swift in Sources */ = {isa = PBXBuildFile; fileRef = 01E3CDAF2ADAD2CA001068D3 /* Selector.swift */; };
		01E3CDE52ADAD2CA001068D3 /* RootView.swift in Sources */ = {isa = PBXBuildFile; fileRef = 01E3CDB02ADAD2CA001068D3 /* RootView.swift */; };
		01E3CDE62ADAD2CA001068D3 /* EditHub.swift in Sources */ = {isa = PBXBuildFile; fileRef = 01E3CDB12ADAD2CA001068D3 /* EditHub.swift */; };
		01E3CDE72ADAD2CA001068D3 /* ContentView.swift in Sources */ = {isa = PBXBuildFile; fileRef = 01E3CDB22ADAD2CA001068D3 /* ContentView.swift */; };
		01E3CDE92ADAD2CA001068D3 /* ChartData.swift in Sources */ = {isa = PBXBuildFile; fileRef = 01E3CDB52ADAD2CA001068D3 /* ChartData.swift */; };
		01E3CDEB2ADAD2CA001068D3 /* Dashboard.swift in Sources */ = {isa = PBXBuildFile; fileRef = 01E3CDB72ADAD2CA001068D3 /* Dashboard.swift */; };
		01E3CDEC2ADAD2CA001068D3 /* ChartItem.swift in Sources */ = {isa = PBXBuildFile; fileRef = 01E3CDB82ADAD2CA001068D3 /* ChartItem.swift */; };
		01E3CDED2ADAD2CA001068D3 /* Athlete.swift in Sources */ = {isa = PBXBuildFile; fileRef = 01E3CDB92ADAD2CA001068D3 /* Athlete.swift */; };
		01E3CDEE2ADAD2CA001068D3 /* Activity.swift in Sources */ = {isa = PBXBuildFile; fileRef = 01E3CDBA2ADAD2CA001068D3 /* Activity.swift */; };
		01E3CDF02ADAD2CB001068D3 /* Preview Assets.xcassets in Resources */ = {isa = PBXBuildFile; fileRef = 01E3CDBD2ADAD2CA001068D3 /* Preview Assets.xcassets */; };
		01E3CDF12ADAD2CB001068D3 /* DashboardReducer.swift in Sources */ = {isa = PBXBuildFile; fileRef = 01E3CDBF2ADAD2CA001068D3 /* DashboardReducer.swift */; };
		01E3CDF22ADAD2CB001068D3 /* ChartItemsReducer.swift in Sources */ = {isa = PBXBuildFile; fileRef = 01E3CDC02ADAD2CA001068D3 /* ChartItemsReducer.swift */; };
		01E3CDF32ADAD2CB001068D3 /* GoogleAuthReducer.swift in Sources */ = {isa = PBXBuildFile; fileRef = 01E3CDC12ADAD2CA001068D3 /* GoogleAuthReducer.swift */; };
		01E3CDF42ADAD2CB001068D3 /* DashboardListReducer.swift in Sources */ = {isa = PBXBuildFile; fileRef = 01E3CDC22ADAD2CA001068D3 /* DashboardListReducer.swift */; };
		01E3CDF52ADAD2CB001068D3 /* RootReducer.swift in Sources */ = {isa = PBXBuildFile; fileRef = 01E3CDC32ADAD2CA001068D3 /* RootReducer.swift */; };
		01E3CDF62ADAD2CB001068D3 /* ChartEditorReducer.swift in Sources */ = {isa = PBXBuildFile; fileRef = 01E3CDC42ADAD2CA001068D3 /* ChartEditorReducer.swift */; };
		01E3CDF72ADAD2CB001068D3 /* StravaAuthReducer.swift in Sources */ = {isa = PBXBuildFile; fileRef = 01E3CDC52ADAD2CA001068D3 /* StravaAuthReducer.swift */; };
		01E3CDF82ADAD2CB001068D3 /* AddDashboardReducer.swift in Sources */ = {isa = PBXBuildFile; fileRef = 01E3CDC62ADAD2CA001068D3 /* AddDashboardReducer.swift */; };
		01E3CDF92ADAD2CB001068D3 /* SettingsReducer.swift in Sources */ = {isa = PBXBuildFile; fileRef = 01E3CDC72ADAD2CA001068D3 /* SettingsReducer.swift */; };
		01E3CDFA2ADAD2CB001068D3 /* CoreDataManager.swift in Sources */ = {isa = PBXBuildFile; fileRef = 01E3CDCA2ADAD2CA001068D3 /* CoreDataManager.swift */; };
		01E3CDFB2ADAD2CB001068D3 /* FitGraphs.xcdatamodeld in Sources */ = {isa = PBXBuildFile; fileRef = 01E3CDCB2ADAD2CA001068D3 /* FitGraphs.xcdatamodeld */; };
		01E3CDFC2ADAD2CB001068D3 /* ChartContentEntity+CoreDataClass.swift in Sources */ = {isa = PBXBuildFile; fileRef = 01E3CDCD2ADAD2CA001068D3 /* ChartContentEntity+CoreDataClass.swift */; };
		01E3CDFD2ADAD2CB001068D3 /* ChartItemEntity+CoreDataClass.swift in Sources */ = {isa = PBXBuildFile; fileRef = 01E3CDCE2ADAD2CA001068D3 /* ChartItemEntity+CoreDataClass.swift */; };
		01E3CDFE2ADAD2CB001068D3 /* ChartContentEntity+CoreDataProperties.swift in Sources */ = {isa = PBXBuildFile; fileRef = 01E3CDCF2ADAD2CA001068D3 /* ChartContentEntity+CoreDataProperties.swift */; };
		01E3CDFF2ADAD2CB001068D3 /* ChartItemEntity+CoreDataProperties.swift in Sources */ = {isa = PBXBuildFile; fileRef = 01E3CDD02ADAD2CA001068D3 /* ChartItemEntity+CoreDataProperties.swift */; };
		01E3CE002ADAD2CB001068D3 /* FirebaseDataManager.swift in Sources */ = {isa = PBXBuildFile; fileRef = 01E3CDD22ADAD2CA001068D3 /* FirebaseDataManager.swift */; };
		01E3CE012ADAD2CB001068D3 /* AppDelegate.swift in Sources */ = {isa = PBXBuildFile; fileRef = 01E3CDD32ADAD2CA001068D3 /* AppDelegate.swift */; };
		01E3CE032ADAD52B001068D3 /* GoogleSignIn in Frameworks */ = {isa = PBXBuildFile; productRef = 01E3CE022ADAD52B001068D3 /* GoogleSignIn */; };
		01E3CE052ADAD52B001068D3 /* GoogleSignInSwift in Frameworks */ = {isa = PBXBuildFile; productRef = 01E3CE042ADAD52B001068D3 /* GoogleSignInSwift */; };
		01E3CE062ADAD6DF001068D3 /* GoogleService-Info.plist in Sources */ = {isa = PBXBuildFile; fileRef = 01E3CD992ADAD2CA001068D3 /* GoogleService-Info.plist */; };
/* End PBXBuildFile section */

/* Begin PBXCopyFilesBuildPhase section */
		012903132A3E332300DC5712 /* Copy Frameworks */ = {
			isa = PBXCopyFilesBuildPhase;
			buildActionMask = 2147483647;
			dstPath = "";
			dstSubfolderSpec = 10;
			files = (
			);
			name = "Copy Frameworks";
			runOnlyForDeploymentPostprocessing = 0;
		};
/* End PBXCopyFilesBuildPhase section */

/* Begin PBXFileReference section */
		013BF53B2B81054C00A9947D /* FilterValueSelectionView.swift */ = {isa = PBXFileReference; lastKnownFileType = sourcecode.swift; path = FilterValueSelectionView.swift; sourceTree = "<group>"; };
		013BF53D2B81134700A9947D /* FilterValueSelectionReducer.swift */ = {isa = PBXFileReference; lastKnownFileType = sourcecode.swift; path = FilterValueSelectionReducer.swift; sourceTree = "<group>"; };
		013BF53F2BC17C8B00A9947D /* CheckboxField.swift */ = {isa = PBXFileReference; lastKnownFileType = sourcecode.swift; path = CheckboxField.swift; sourceTree = "<group>"; };
		019D1FB42B09323C0025CE15 /* CubeQuery.swift */ = {isa = PBXFileReference; lastKnownFileType = sourcecode.swift; path = CubeQuery.swift; sourceTree = "<group>"; };
		01DF42F829F545790066F88F /* FitGraphs.app */ = {isa = PBXFileReference; explicitFileType = wrapper.application; includeInIndex = 0; path = FitGraphs.app; sourceTree = BUILT_PRODUCTS_DIR; };
		01E3CD992ADAD2CA001068D3 /* GoogleService-Info.plist */ = {isa = PBXFileReference; fileEncoding = 4; lastKnownFileType = text.plist.xml; path = "GoogleService-Info.plist"; sourceTree = "<group>"; };
		01E3CD9A2ADAD2CA001068D3 /* Assets.xcassets */ = {isa = PBXFileReference; lastKnownFileType = folder.assetcatalog; path = Assets.xcassets; sourceTree = "<group>"; };
		01E3CD9B2ADAD2CA001068D3 /* FitGraphsApp.swift */ = {isa = PBXFileReference; fileEncoding = 4; lastKnownFileType = sourcecode.swift; path = FitGraphsApp.swift; sourceTree = "<group>"; };
		01E3CD9D2ADAD2CA001068D3 /* Cube.swift */ = {isa = PBXFileReference; fileEncoding = 4; lastKnownFileType = sourcecode.swift; path = Cube.swift; sourceTree = "<group>"; };
		01E3CDA02ADAD2CA001068D3 /* StravaAuth.swift */ = {isa = PBXFileReference; fileEncoding = 4; lastKnownFileType = sourcecode.swift; path = StravaAuth.swift; sourceTree = "<group>"; };
		01E3CDA12ADAD2CA001068D3 /* OAuth2RetryHandler.swift */ = {isa = PBXFileReference; fileEncoding = 4; lastKnownFileType = sourcecode.swift; path = OAuth2RetryHandler.swift; sourceTree = "<group>"; };
		01E3CDA32ADAD2CA001068D3 /* FirebaseGoogleAuth.swift */ = {isa = PBXFileReference; fileEncoding = 4; lastKnownFileType = sourcecode.swift; path = FirebaseGoogleAuth.swift; sourceTree = "<group>"; };
		01E3CDA52ADAD2CA001068D3 /* FirebaseClient.swift */ = {isa = PBXFileReference; fileEncoding = 4; lastKnownFileType = sourcecode.swift; path = FirebaseClient.swift; sourceTree = "<group>"; };
		01E3CDA62ADAD2CA001068D3 /* ChartItemsClient.swift */ = {isa = PBXFileReference; fileEncoding = 4; lastKnownFileType = sourcecode.swift; path = ChartItemsClient.swift; sourceTree = "<group>"; };
		01E3CDA72ADAD2CA001068D3 /* StravaApi.swift */ = {isa = PBXFileReference; fileEncoding = 4; lastKnownFileType = sourcecode.swift; path = StravaApi.swift; sourceTree = "<group>"; };
		01E3CDA92ADAD2CA001068D3 /* DashboardView.swift */ = {isa = PBXFileReference; fileEncoding = 4; lastKnownFileType = sourcecode.swift; path = DashboardView.swift; sourceTree = "<group>"; };
		01E3CDAA2ADAD2CA001068D3 /* DashboardListView.swift */ = {isa = PBXFileReference; fileEncoding = 4; lastKnownFileType = sourcecode.swift; path = DashboardListView.swift; sourceTree = "<group>"; };
		01E3CDAB2ADAD2CA001068D3 /* SettingsView.swift */ = {isa = PBXFileReference; fileEncoding = 4; lastKnownFileType = sourcecode.swift; path = SettingsView.swift; sourceTree = "<group>"; };
		01E3CDAC2ADAD2CA001068D3 /* ChartEditorView.swift */ = {isa = PBXFileReference; fileEncoding = 4; lastKnownFileType = sourcecode.swift; path = ChartEditorView.swift; sourceTree = "<group>"; };
		01E3CDAD2ADAD2CA001068D3 /* ChartView.swift */ = {isa = PBXFileReference; fileEncoding = 4; lastKnownFileType = sourcecode.swift; path = ChartView.swift; sourceTree = "<group>"; };
		01E3CDAE2ADAD2CA001068D3 /* LoginView.swift */ = {isa = PBXFileReference; fileEncoding = 4; lastKnownFileType = sourcecode.swift; path = LoginView.swift; sourceTree = "<group>"; };
		01E3CDAF2ADAD2CA001068D3 /* Selector.swift */ = {isa = PBXFileReference; fileEncoding = 4; lastKnownFileType = sourcecode.swift; path = Selector.swift; sourceTree = "<group>"; };
		01E3CDB02ADAD2CA001068D3 /* RootView.swift */ = {isa = PBXFileReference; fileEncoding = 4; lastKnownFileType = sourcecode.swift; path = RootView.swift; sourceTree = "<group>"; };
		01E3CDB12ADAD2CA001068D3 /* EditHub.swift */ = {isa = PBXFileReference; fileEncoding = 4; lastKnownFileType = sourcecode.swift; path = EditHub.swift; sourceTree = "<group>"; };
		01E3CDB22ADAD2CA001068D3 /* ContentView.swift */ = {isa = PBXFileReference; fileEncoding = 4; lastKnownFileType = sourcecode.swift; path = ContentView.swift; sourceTree = "<group>"; };
		01E3CDB32ADAD2CA001068D3 /* Info.plist */ = {isa = PBXFileReference; fileEncoding = 4; lastKnownFileType = text.plist.xml; path = Info.plist; sourceTree = "<group>"; };
		01E3CDB52ADAD2CA001068D3 /* ChartData.swift */ = {isa = PBXFileReference; fileEncoding = 4; lastKnownFileType = sourcecode.swift; path = ChartData.swift; sourceTree = "<group>"; };
		01E3CDB72ADAD2CA001068D3 /* Dashboard.swift */ = {isa = PBXFileReference; fileEncoding = 4; lastKnownFileType = sourcecode.swift; path = Dashboard.swift; sourceTree = "<group>"; };
		01E3CDB82ADAD2CA001068D3 /* ChartItem.swift */ = {isa = PBXFileReference; fileEncoding = 4; lastKnownFileType = sourcecode.swift; path = ChartItem.swift; sourceTree = "<group>"; };
		01E3CDB92ADAD2CA001068D3 /* Athlete.swift */ = {isa = PBXFileReference; fileEncoding = 4; lastKnownFileType = sourcecode.swift; path = Athlete.swift; sourceTree = "<group>"; };
		01E3CDBA2ADAD2CA001068D3 /* Activity.swift */ = {isa = PBXFileReference; fileEncoding = 4; lastKnownFileType = sourcecode.swift; path = Activity.swift; sourceTree = "<group>"; };
		01E3CDBD2ADAD2CA001068D3 /* Preview Assets.xcassets */ = {isa = PBXFileReference; lastKnownFileType = folder.assetcatalog; path = "Preview Assets.xcassets"; sourceTree = "<group>"; };
		01E3CDBF2ADAD2CA001068D3 /* DashboardReducer.swift */ = {isa = PBXFileReference; fileEncoding = 4; lastKnownFileType = sourcecode.swift; path = DashboardReducer.swift; sourceTree = "<group>"; };
		01E3CDC02ADAD2CA001068D3 /* ChartItemsReducer.swift */ = {isa = PBXFileReference; fileEncoding = 4; lastKnownFileType = sourcecode.swift; path = ChartItemsReducer.swift; sourceTree = "<group>"; };
		01E3CDC12ADAD2CA001068D3 /* GoogleAuthReducer.swift */ = {isa = PBXFileReference; fileEncoding = 4; lastKnownFileType = sourcecode.swift; path = GoogleAuthReducer.swift; sourceTree = "<group>"; };
		01E3CDC22ADAD2CA001068D3 /* DashboardListReducer.swift */ = {isa = PBXFileReference; fileEncoding = 4; lastKnownFileType = sourcecode.swift; path = DashboardListReducer.swift; sourceTree = "<group>"; };
		01E3CDC32ADAD2CA001068D3 /* RootReducer.swift */ = {isa = PBXFileReference; fileEncoding = 4; lastKnownFileType = sourcecode.swift; path = RootReducer.swift; sourceTree = "<group>"; };
		01E3CDC42ADAD2CA001068D3 /* ChartEditorReducer.swift */ = {isa = PBXFileReference; fileEncoding = 4; lastKnownFileType = sourcecode.swift; path = ChartEditorReducer.swift; sourceTree = "<group>"; };
		01E3CDC52ADAD2CA001068D3 /* StravaAuthReducer.swift */ = {isa = PBXFileReference; fileEncoding = 4; lastKnownFileType = sourcecode.swift; path = StravaAuthReducer.swift; sourceTree = "<group>"; };
		01E3CDC62ADAD2CA001068D3 /* AddDashboardReducer.swift */ = {isa = PBXFileReference; fileEncoding = 4; lastKnownFileType = sourcecode.swift; path = AddDashboardReducer.swift; sourceTree = "<group>"; };
		01E3CDC72ADAD2CA001068D3 /* SettingsReducer.swift */ = {isa = PBXFileReference; fileEncoding = 4; lastKnownFileType = sourcecode.swift; path = SettingsReducer.swift; sourceTree = "<group>"; };
		01E3CDCA2ADAD2CA001068D3 /* CoreDataManager.swift */ = {isa = PBXFileReference; fileEncoding = 4; lastKnownFileType = sourcecode.swift; path = CoreDataManager.swift; sourceTree = "<group>"; };
		01E3CDCC2ADAD2CA001068D3 /* ChartItemEntity.xcdatamodel */ = {isa = PBXFileReference; lastKnownFileType = wrapper.xcdatamodel; path = ChartItemEntity.xcdatamodel; sourceTree = "<group>"; };
		01E3CDCD2ADAD2CA001068D3 /* ChartContentEntity+CoreDataClass.swift */ = {isa = PBXFileReference; fileEncoding = 4; lastKnownFileType = sourcecode.swift; path = "ChartContentEntity+CoreDataClass.swift"; sourceTree = "<group>"; };
		01E3CDCE2ADAD2CA001068D3 /* ChartItemEntity+CoreDataClass.swift */ = {isa = PBXFileReference; fileEncoding = 4; lastKnownFileType = sourcecode.swift; path = "ChartItemEntity+CoreDataClass.swift"; sourceTree = "<group>"; };
		01E3CDCF2ADAD2CA001068D3 /* ChartContentEntity+CoreDataProperties.swift */ = {isa = PBXFileReference; fileEncoding = 4; lastKnownFileType = sourcecode.swift; path = "ChartContentEntity+CoreDataProperties.swift"; sourceTree = "<group>"; };
		01E3CDD02ADAD2CA001068D3 /* ChartItemEntity+CoreDataProperties.swift */ = {isa = PBXFileReference; fileEncoding = 4; lastKnownFileType = sourcecode.swift; path = "ChartItemEntity+CoreDataProperties.swift"; sourceTree = "<group>"; };
		01E3CDD22ADAD2CA001068D3 /* FirebaseDataManager.swift */ = {isa = PBXFileReference; fileEncoding = 4; lastKnownFileType = sourcecode.swift; path = FirebaseDataManager.swift; sourceTree = "<group>"; };
		01E3CDD32ADAD2CA001068D3 /* AppDelegate.swift */ = {isa = PBXFileReference; fileEncoding = 4; lastKnownFileType = sourcecode.swift; path = AppDelegate.swift; sourceTree = "<group>"; };
/* End PBXFileReference section */

/* Begin PBXFrameworksBuildPhase section */
		01DF42F529F545790066F88F /* Frameworks */ = {
			isa = PBXFrameworksBuildPhase;
			buildActionMask = 2147483647;
			files = (
				01C2B4552AC22B2600078B44 /* FirebaseMessaging in Frameworks */,
				01C2B4452AC22B2600078B44 /* FirebaseFirestoreCombine-Community in Frameworks */,
				01C2B46B2AC4A80700078B44 /* GoogleSignIn in Frameworks */,
				01C2B43D2AC22B2600078B44 /* FirebaseDatabase in Frameworks */,
				01B7CD472AAA741E007902AD /* ComposableArchitecture in Frameworks */,
				01C2B45D2AC22B2600078B44 /* FirebaseStorage in Frameworks */,
				012903222A3E3DF600DC5712 /* OAuth2 in Frameworks */,
				01C2B42B2AC22B2600078B44 /* FirebaseAnalytics in Frameworks */,
				01C2B43B2AC22B2600078B44 /* FirebaseCrashlytics in Frameworks */,
				01C2B46D2AC4A80700078B44 /* GoogleSignInSwift in Frameworks */,
				01C2B4432AC22B2600078B44 /* FirebaseFirestore in Frameworks */,
				01C2B4412AC22B2600078B44 /* FirebaseDynamicLinks in Frameworks */,
				01C2B45F2AC22B2600078B44 /* FirebaseStorageCombine-Community in Frameworks */,
				01C2B42D2AC22B2600078B44 /* FirebaseAnalyticsOnDeviceConversion in Frameworks */,
				01C2B44B2AC22B2600078B44 /* FirebaseFunctionsCombine-Community in Frameworks */,
				01C2B44F2AC22B2600078B44 /* FirebaseInAppMessagingSwift-Beta in Frameworks */,
				01C2B4532AC22B2600078B44 /* FirebaseMLModelDownloader in Frameworks */,
				01C2B44D2AC22B2600078B44 /* FirebaseInAppMessaging-Beta in Frameworks */,
				01C2B4572AC22B2600078B44 /* FirebasePerformance in Frameworks */,
				01C2B4392AC22B2600078B44 /* FirebaseAuthCombine-Community in Frameworks */,
				01E3CE032ADAD52B001068D3 /* GoogleSignIn in Frameworks */,
				01C2B42F2AC22B2600078B44 /* FirebaseAnalyticsSwift in Frameworks */,
				01C2B43F2AC22B2600078B44 /* FirebaseDatabaseSwift in Frameworks */,
				012902F32A3DEA0A00DC5712 /* Alamofire in Frameworks */,
				01C2B4592AC22B2600078B44 /* FirebaseRemoteConfig in Frameworks */,
				01DAB4F22A3D048500752073 /* DuckDB in Frameworks */,
				01C2B4372AC22B2600078B44 /* FirebaseAuth in Frameworks */,
				01E3CE052ADAD52B001068D3 /* GoogleSignInSwift in Frameworks */,
				01C2B4492AC22B2600078B44 /* FirebaseFunctions in Frameworks */,
				01C2B4512AC22B2600078B44 /* FirebaseInstallations in Frameworks */,
				01C2B4472AC22B2600078B44 /* FirebaseFirestoreSwift in Frameworks */,
				01C2B4312AC22B2600078B44 /* FirebaseAnalyticsWithoutAdIdSupport in Frameworks */,
				01C2B4332AC22B2600078B44 /* FirebaseAppCheck in Frameworks */,
				01C2B45B2AC22B2600078B44 /* FirebaseRemoteConfigSwift in Frameworks */,
				01C2B4352AC22B2600078B44 /* FirebaseAppDistribution-Beta in Frameworks */,
				0166006E2A42EBEC00E5E2F8 /* WrappingHStack in Frameworks */,
			);
			runOnlyForDeploymentPostprocessing = 0;
		};
/* End PBXFrameworksBuildPhase section */

/* Begin PBXGroup section */
		0129030F2A3E324C00DC5712 /* Frameworks */ = {
			isa = PBXGroup;
			children = (
			);
			name = Frameworks;
			sourceTree = "<group>";
		};
		0136B6CC2ADAC9DD00CCAF61 /* FitGraphs */ = {
			isa = PBXGroup;
			children = (
				01E3CD9A2ADAD2CA001068D3 /* Assets.xcassets */,
				01E3CD9E2ADAD2CA001068D3 /* Auth */,
				01E3CD9C2ADAD2CA001068D3 /* Query */,
				01E3CDA42ADAD2CA001068D3 /* Dependency */,
				01E3CD9B2ADAD2CA001068D3 /* FitGraphsApp.swift */,
				01E3CD992ADAD2CA001068D3 /* GoogleService-Info.plist */,
				01E3CDB32ADAD2CA001068D3 /* Info.plist */,
				01E3CDB42ADAD2CA001068D3 /* Model */,
				01E3CDBC2ADAD2CA001068D3 /* Preview Content */,
				01E3CDC82ADAD2CA001068D3 /* Storage */,
				01E3CDBE2ADAD2CA001068D3 /* Store */,
				01E3CDA82ADAD2CA001068D3 /* View */,
			);
			path = FitGraphs;
			sourceTree = "<group>";
		};
		01DF42EF29F545790066F88F = {
			isa = PBXGroup;
			children = (
				0136B6CC2ADAC9DD00CCAF61 /* FitGraphs */,
				01DF42F929F545790066F88F /* Products */,
				0129030F2A3E324C00DC5712 /* Frameworks */,
			);
			sourceTree = "<group>";
		};
		01DF42F929F545790066F88F /* Products */ = {
			isa = PBXGroup;
			children = (
				01DF42F829F545790066F88F /* FitGraphs.app */,
			);
			name = Products;
			sourceTree = "<group>";
		};
		01E3CD9C2ADAD2CA001068D3 /* Query */ = {
			isa = PBXGroup;
			children = (
				01E3CD9D2ADAD2CA001068D3 /* Cube.swift */,
				019D1FB42B09323C0025CE15 /* CubeQuery.swift */,
			);
			path = Query;
			sourceTree = "<group>";
		};
		01E3CD9E2ADAD2CA001068D3 /* Auth */ = {
			isa = PBXGroup;
			children = (
				01E3CD9F2ADAD2CA001068D3 /* Strava */,
				01E3CDA22ADAD2CA001068D3 /* Firebase */,
			);
			path = Auth;
			sourceTree = "<group>";
		};
		01E3CD9F2ADAD2CA001068D3 /* Strava */ = {
			isa = PBXGroup;
			children = (
				01E3CDA02ADAD2CA001068D3 /* StravaAuth.swift */,
				01E3CDA12ADAD2CA001068D3 /* OAuth2RetryHandler.swift */,
			);
			path = Strava;
			sourceTree = "<group>";
		};
		01E3CDA22ADAD2CA001068D3 /* Firebase */ = {
			isa = PBXGroup;
			children = (
				01E3CDA32ADAD2CA001068D3 /* FirebaseGoogleAuth.swift */,
			);
			path = Firebase;
			sourceTree = "<group>";
		};
		01E3CDA42ADAD2CA001068D3 /* Dependency */ = {
			isa = PBXGroup;
			children = (
				01E3CDA52ADAD2CA001068D3 /* FirebaseClient.swift */,
				01E3CDA62ADAD2CA001068D3 /* ChartItemsClient.swift */,
				01E3CDA72ADAD2CA001068D3 /* StravaApi.swift */,
			);
			path = Dependency;
			sourceTree = "<group>";
		};
		01E3CDA82ADAD2CA001068D3 /* View */ = {
			isa = PBXGroup;
			children = (
				01E3CDA92ADAD2CA001068D3 /* DashboardView.swift */,
				01E3CDAA2ADAD2CA001068D3 /* DashboardListView.swift */,
				01E3CDAB2ADAD2CA001068D3 /* SettingsView.swift */,
				01E3CDAC2ADAD2CA001068D3 /* ChartEditorView.swift */,
				01E3CDAD2ADAD2CA001068D3 /* ChartView.swift */,
				01E3CDAE2ADAD2CA001068D3 /* LoginView.swift */,
				01E3CDAF2ADAD2CA001068D3 /* Selector.swift */,
				01E3CDB02ADAD2CA001068D3 /* RootView.swift */,
				01E3CDB12ADAD2CA001068D3 /* EditHub.swift */,
				01E3CDB22ADAD2CA001068D3 /* ContentView.swift */,
				013BF53B2B81054C00A9947D /* FilterValueSelectionView.swift */,
				013BF53F2BC17C8B00A9947D /* CheckboxField.swift */,
			);
			path = View;
			sourceTree = "<group>";
		};
		01E3CDB42ADAD2CA001068D3 /* Model */ = {
			isa = PBXGroup;
			children = (
				01E3CDB52ADAD2CA001068D3 /* ChartData.swift */,
				01E3CDB72ADAD2CA001068D3 /* Dashboard.swift */,
				01E3CDB82ADAD2CA001068D3 /* ChartItem.swift */,
				01E3CDB92ADAD2CA001068D3 /* Athlete.swift */,
				01E3CDBA2ADAD2CA001068D3 /* Activity.swift */,
			);
			path = Model;
			sourceTree = "<group>";
		};
		01E3CDBC2ADAD2CA001068D3 /* Preview Content */ = {
			isa = PBXGroup;
			children = (
				01E3CDBD2ADAD2CA001068D3 /* Preview Assets.xcassets */,
			);
			path = "Preview Content";
			sourceTree = "<group>";
		};
		01E3CDBE2ADAD2CA001068D3 /* Store */ = {
			isa = PBXGroup;
			children = (
				01E3CDBF2ADAD2CA001068D3 /* DashboardReducer.swift */,
				01E3CDC02ADAD2CA001068D3 /* ChartItemsReducer.swift */,
				01E3CDC12ADAD2CA001068D3 /* GoogleAuthReducer.swift */,
				01E3CDC22ADAD2CA001068D3 /* DashboardListReducer.swift */,
				01E3CDC32ADAD2CA001068D3 /* RootReducer.swift */,
				01E3CDC42ADAD2CA001068D3 /* ChartEditorReducer.swift */,
				01E3CDC52ADAD2CA001068D3 /* StravaAuthReducer.swift */,
				01E3CDC62ADAD2CA001068D3 /* AddDashboardReducer.swift */,
				01E3CDC72ADAD2CA001068D3 /* SettingsReducer.swift */,
				013BF53D2B81134700A9947D /* FilterValueSelectionReducer.swift */,
			);
			path = Store;
			sourceTree = "<group>";
		};
		01E3CDC82ADAD2CA001068D3 /* Storage */ = {
			isa = PBXGroup;
			children = (
				01E3CDC92ADAD2CA001068D3 /* CoreData */,
				01E3CDD12ADAD2CA001068D3 /* Firebase */,
			);
			path = Storage;
			sourceTree = "<group>";
		};
		01E3CDC92ADAD2CA001068D3 /* CoreData */ = {
			isa = PBXGroup;
			children = (
				01E3CDCA2ADAD2CA001068D3 /* CoreDataManager.swift */,
				01E3CDCB2ADAD2CA001068D3 /* FitGraphs.xcdatamodeld */,
				01E3CDCD2ADAD2CA001068D3 /* ChartContentEntity+CoreDataClass.swift */,
				01E3CDCE2ADAD2CA001068D3 /* ChartItemEntity+CoreDataClass.swift */,
				01E3CDCF2ADAD2CA001068D3 /* ChartContentEntity+CoreDataProperties.swift */,
				01E3CDD02ADAD2CA001068D3 /* ChartItemEntity+CoreDataProperties.swift */,
			);
			path = CoreData;
			sourceTree = "<group>";
		};
		01E3CDD12ADAD2CA001068D3 /* Firebase */ = {
			isa = PBXGroup;
			children = (
				01E3CDD22ADAD2CA001068D3 /* FirebaseDataManager.swift */,
				01E3CDD32ADAD2CA001068D3 /* AppDelegate.swift */,
			);
			path = Firebase;
			sourceTree = "<group>";
		};
/* End PBXGroup section */

/* Begin PBXNativeTarget section */
		01DF42F729F545790066F88F /* FitGraphs */ = {
			isa = PBXNativeTarget;
			buildConfigurationList = 01DF430629F5457B0066F88F /* Build configuration list for PBXNativeTarget "FitGraphs" */;
			buildPhases = (
				01DF42F429F545790066F88F /* Sources */,
				01DF42F529F545790066F88F /* Frameworks */,
				01DF42F629F545790066F88F /* Resources */,
				012903132A3E332300DC5712 /* Copy Frameworks */,
			);
			buildRules = (
			);
			dependencies = (
			);
			name = FitGraphs;
			packageProductDependencies = (
				01DAB4F12A3D048500752073 /* DuckDB */,
				012902F22A3DEA0A00DC5712 /* Alamofire */,
				012903212A3E3DF600DC5712 /* OAuth2 */,
				0166006D2A42EBEC00E5E2F8 /* WrappingHStack */,
				01B7CD462AAA741E007902AD /* ComposableArchitecture */,
				01C2B42A2AC22B2600078B44 /* FirebaseAnalytics */,
				01C2B42C2AC22B2600078B44 /* FirebaseAnalyticsOnDeviceConversion */,
				01C2B42E2AC22B2600078B44 /* FirebaseAnalyticsSwift */,
				01C2B4302AC22B2600078B44 /* FirebaseAnalyticsWithoutAdIdSupport */,
				01C2B4322AC22B2600078B44 /* FirebaseAppCheck */,
				01C2B4342AC22B2600078B44 /* FirebaseAppDistribution-Beta */,
				01C2B4362AC22B2600078B44 /* FirebaseAuth */,
				01C2B4382AC22B2600078B44 /* FirebaseAuthCombine-Community */,
				01C2B43A2AC22B2600078B44 /* FirebaseCrashlytics */,
				01C2B43C2AC22B2600078B44 /* FirebaseDatabase */,
				01C2B43E2AC22B2600078B44 /* FirebaseDatabaseSwift */,
				01C2B4402AC22B2600078B44 /* FirebaseDynamicLinks */,
				01C2B4422AC22B2600078B44 /* FirebaseFirestore */,
				01C2B4442AC22B2600078B44 /* FirebaseFirestoreCombine-Community */,
				01C2B4462AC22B2600078B44 /* FirebaseFirestoreSwift */,
				01C2B4482AC22B2600078B44 /* FirebaseFunctions */,
				01C2B44A2AC22B2600078B44 /* FirebaseFunctionsCombine-Community */,
				01C2B44C2AC22B2600078B44 /* FirebaseInAppMessaging-Beta */,
				01C2B44E2AC22B2600078B44 /* FirebaseInAppMessagingSwift-Beta */,
				01C2B4502AC22B2600078B44 /* FirebaseInstallations */,
				01C2B4522AC22B2600078B44 /* FirebaseMLModelDownloader */,
				01C2B4542AC22B2600078B44 /* FirebaseMessaging */,
				01C2B4562AC22B2600078B44 /* FirebasePerformance */,
				01C2B4582AC22B2600078B44 /* FirebaseRemoteConfig */,
				01C2B45A2AC22B2600078B44 /* FirebaseRemoteConfigSwift */,
				01C2B45C2AC22B2600078B44 /* FirebaseStorage */,
				01C2B45E2AC22B2600078B44 /* FirebaseStorageCombine-Community */,
				01C2B46A2AC4A80700078B44 /* GoogleSignIn */,
				01C2B46C2AC4A80700078B44 /* GoogleSignInSwift */,
				01E3CE022ADAD52B001068D3 /* GoogleSignIn */,
				01E3CE042ADAD52B001068D3 /* GoogleSignInSwift */,
			);
			productName = DataMobileUI;
			productReference = 01DF42F829F545790066F88F /* FitGraphs.app */;
			productType = "com.apple.product-type.application";
		};
/* End PBXNativeTarget section */

/* Begin PBXProject section */
		01DF42F029F545790066F88F /* Project object */ = {
			isa = PBXProject;
			attributes = {
				BuildIndependentTargetsInParallel = 1;
				LastSwiftUpdateCheck = 1420;
				LastUpgradeCheck = 1420;
				TargetAttributes = {
					01DF42F729F545790066F88F = {
						CreatedOnToolsVersion = 14.2;
						LastSwiftMigration = 1500;
					};
				};
			};
			buildConfigurationList = 01DF42F329F545790066F88F /* Build configuration list for PBXProject "FitGraphs" */;
			compatibilityVersion = "Xcode 15.0";
			developmentRegion = en;
			hasScannedForEncodings = 0;
			knownRegions = (
				en,
				Base,
			);
			mainGroup = 01DF42EF29F545790066F88F;
			packageReferences = (
				01DAB4F02A3D048400752073 /* XCRemoteSwiftPackageReference "duckdb-swift" */,
				012902F12A3DEA0A00DC5712 /* XCRemoteSwiftPackageReference "Alamofire" */,
				012903202A3E3DF600DC5712 /* XCRemoteSwiftPackageReference "OAuth2" */,
				0166006C2A42EBEC00E5E2F8 /* XCRemoteSwiftPackageReference "WrappingHStack" */,
				01B7CD452AAA741E007902AD /* XCRemoteSwiftPackageReference "swift-composable-architecture" */,
				01C2B4292AC22B2600078B44 /* XCRemoteSwiftPackageReference "firebase-ios-sdk" */,
				01C2B4692AC4A80700078B44 /* XCRemoteSwiftPackageReference "GoogleSignIn-iOS" */,
			);
			productRefGroup = 01DF42F929F545790066F88F /* Products */;
			projectDirPath = "";
			projectRoot = "";
			targets = (
				01DF42F729F545790066F88F /* FitGraphs */,
			);
		};
/* End PBXProject section */

/* Begin PBXResourcesBuildPhase section */
		01DF42F629F545790066F88F /* Resources */ = {
			isa = PBXResourcesBuildPhase;
			buildActionMask = 2147483647;
			files = (
				01E3CDF02ADAD2CB001068D3 /* Preview Assets.xcassets in Resources */,
				01E3CDD52ADAD2CA001068D3 /* Assets.xcassets in Resources */,
			);
			runOnlyForDeploymentPostprocessing = 0;
		};
/* End PBXResourcesBuildPhase section */

/* Begin PBXSourcesBuildPhase section */
		01DF42F429F545790066F88F /* Sources */ = {
			isa = PBXSourcesBuildPhase;
			buildActionMask = 2147483647;
			files = (
				013BF5402BC17C8B00A9947D /* CheckboxField.swift in Sources */,
				01E3CE062ADAD6DF001068D3 /* GoogleService-Info.plist in Sources */,
				01E3CDF82ADAD2CB001068D3 /* AddDashboardReducer.swift in Sources */,
				01E3CDD72ADAD2CA001068D3 /* Cube.swift in Sources */,
				01E3CDE22ADAD2CA001068D3 /* ChartView.swift in Sources */,
				01E3CDE42ADAD2CA001068D3 /* Selector.swift in Sources */,
				01E3CDD82ADAD2CA001068D3 /* StravaAuth.swift in Sources */,
				01E3CDDA2ADAD2CA001068D3 /* FirebaseGoogleAuth.swift in Sources */,
				01E3CDDF2ADAD2CA001068D3 /* DashboardListView.swift in Sources */,
				01E3CDEE2ADAD2CA001068D3 /* Activity.swift in Sources */,
				01E3CDED2ADAD2CA001068D3 /* Athlete.swift in Sources */,
				01E3CDDC2ADAD2CA001068D3 /* ChartItemsClient.swift in Sources */,
				01E3CDDE2ADAD2CA001068D3 /* DashboardView.swift in Sources */,
				01E3CDE52ADAD2CA001068D3 /* RootView.swift in Sources */,
				01E3CDF32ADAD2CB001068D3 /* GoogleAuthReducer.swift in Sources */,
				01E3CDE92ADAD2CA001068D3 /* ChartData.swift in Sources */,
				01E3CDD92ADAD2CA001068D3 /* OAuth2RetryHandler.swift in Sources */,
				01E3CDFE2ADAD2CB001068D3 /* ChartContentEntity+CoreDataProperties.swift in Sources */,
				01E3CDE32ADAD2CA001068D3 /* LoginView.swift in Sources */,
				01E3CDF62ADAD2CB001068D3 /* ChartEditorReducer.swift in Sources */,
				01E3CE012ADAD2CB001068D3 /* AppDelegate.swift in Sources */,
				01E3CDFB2ADAD2CB001068D3 /* FitGraphs.xcdatamodeld in Sources */,
				01E3CDF92ADAD2CB001068D3 /* SettingsReducer.swift in Sources */,
				01E3CDF22ADAD2CB001068D3 /* ChartItemsReducer.swift in Sources */,
				01E3CDDD2ADAD2CA001068D3 /* StravaApi.swift in Sources */,
				01E3CDE12ADAD2CA001068D3 /* ChartEditorView.swift in Sources */,
				01E3CDD62ADAD2CA001068D3 /* FitGraphsApp.swift in Sources */,
				019D1FB52B09323C0025CE15 /* CubeQuery.swift in Sources */,
				01E3CDF12ADAD2CB001068D3 /* DashboardReducer.swift in Sources */,
				01E3CDEC2ADAD2CA001068D3 /* ChartItem.swift in Sources */,
				01E3CDFC2ADAD2CB001068D3 /* ChartContentEntity+CoreDataClass.swift in Sources */,
				01E3CDFF2ADAD2CB001068D3 /* ChartItemEntity+CoreDataProperties.swift in Sources */,
				013BF53C2B81054C00A9947D /* FilterValueSelectionView.swift in Sources */,
				01E3CDF52ADAD2CB001068D3 /* RootReducer.swift in Sources */,
				013BF53E2B81134700A9947D /* FilterValueSelectionReducer.swift in Sources */,
				01E3CDE72ADAD2CA001068D3 /* ContentView.swift in Sources */,
				01E3CE002ADAD2CB001068D3 /* FirebaseDataManager.swift in Sources */,
				01E3CDE62ADAD2CA001068D3 /* EditHub.swift in Sources */,
				01E3CDDB2ADAD2CA001068D3 /* FirebaseClient.swift in Sources */,
				01E3CDF42ADAD2CB001068D3 /* DashboardListReducer.swift in Sources */,
				01E3CDEB2ADAD2CA001068D3 /* Dashboard.swift in Sources */,
				01E3CDE02ADAD2CA001068D3 /* SettingsView.swift in Sources */,
				01E3CDFA2ADAD2CB001068D3 /* CoreDataManager.swift in Sources */,
				01E3CDFD2ADAD2CB001068D3 /* ChartItemEntity+CoreDataClass.swift in Sources */,
				01E3CDF72ADAD2CB001068D3 /* StravaAuthReducer.swift in Sources */,
			);
			runOnlyForDeploymentPostprocessing = 0;
		};
/* End PBXSourcesBuildPhase section */

/* Begin XCBuildConfiguration section */
		01DF430429F5457B0066F88F /* Debug */ = {
			isa = XCBuildConfiguration;
			buildSettings = {
				ALWAYS_SEARCH_USER_PATHS = NO;
				CLANG_ANALYZER_NONNULL = YES;
				CLANG_ANALYZER_NUMBER_OBJECT_CONVERSION = YES_AGGRESSIVE;
				CLANG_CXX_LANGUAGE_STANDARD = "gnu++20";
				CLANG_ENABLE_MODULES = YES;
				CLANG_ENABLE_OBJC_ARC = YES;
				CLANG_ENABLE_OBJC_WEAK = YES;
				CLANG_WARN_BLOCK_CAPTURE_AUTORELEASING = YES;
				CLANG_WARN_BOOL_CONVERSION = YES;
				CLANG_WARN_COMMA = YES;
				CLANG_WARN_CONSTANT_CONVERSION = YES;
				CLANG_WARN_DEPRECATED_OBJC_IMPLEMENTATIONS = YES;
				CLANG_WARN_DIRECT_OBJC_ISA_USAGE = YES_ERROR;
				CLANG_WARN_DOCUMENTATION_COMMENTS = YES;
				CLANG_WARN_EMPTY_BODY = YES;
				CLANG_WARN_ENUM_CONVERSION = YES;
				CLANG_WARN_INFINITE_RECURSION = YES;
				CLANG_WARN_INT_CONVERSION = YES;
				CLANG_WARN_NON_LITERAL_NULL_CONVERSION = YES;
				CLANG_WARN_OBJC_IMPLICIT_RETAIN_SELF = YES;
				CLANG_WARN_OBJC_LITERAL_CONVERSION = YES;
				CLANG_WARN_OBJC_ROOT_CLASS = YES_ERROR;
				CLANG_WARN_QUOTED_INCLUDE_IN_FRAMEWORK_HEADER = YES;
				CLANG_WARN_RANGE_LOOP_ANALYSIS = YES;
				CLANG_WARN_STRICT_PROTOTYPES = YES;
				CLANG_WARN_SUSPICIOUS_MOVE = YES;
				CLANG_WARN_UNGUARDED_AVAILABILITY = YES_AGGRESSIVE;
				CLANG_WARN_UNREACHABLE_CODE = YES;
				CLANG_WARN__DUPLICATE_METHOD_MATCH = YES;
				COPY_PHASE_STRIP = NO;
				DEBUG_INFORMATION_FORMAT = dwarf;
				ENABLE_STRICT_OBJC_MSGSEND = YES;
				ENABLE_TESTABILITY = YES;
				GCC_C_LANGUAGE_STANDARD = gnu11;
				GCC_DYNAMIC_NO_PIC = NO;
				GCC_NO_COMMON_BLOCKS = YES;
				GCC_OPTIMIZATION_LEVEL = 0;
				GCC_PREPROCESSOR_DEFINITIONS = (
					"DEBUG=1",
					"$(inherited)",
				);
				GCC_WARN_64_TO_32_BIT_CONVERSION = YES;
				GCC_WARN_ABOUT_RETURN_TYPE = YES_ERROR;
				GCC_WARN_UNDECLARED_SELECTOR = YES;
				GCC_WARN_UNINITIALIZED_AUTOS = YES_AGGRESSIVE;
				GCC_WARN_UNUSED_FUNCTION = YES;
				GCC_WARN_UNUSED_VARIABLE = YES;
				IPHONEOS_DEPLOYMENT_TARGET = 17.0;
				MTL_ENABLE_DEBUG_INFO = INCLUDE_SOURCE;
				MTL_FAST_MATH = YES;
				ONLY_ACTIVE_ARCH = YES;
				SDKROOT = iphoneos;
				STRAVA_CLIENT_ID = 109187;
				STRAVA_CLIENT_SECRET = e70e27e2db4f1f266586256971fc4ba9e82dc5f7;
				SWIFT_ACTIVE_COMPILATION_CONDITIONS = DEBUG;
				SWIFT_OPTIMIZATION_LEVEL = "-Onone";
			};
			name = Debug;
		};
		01DF430529F5457B0066F88F /* Release */ = {
			isa = XCBuildConfiguration;
			buildSettings = {
				ALWAYS_SEARCH_USER_PATHS = NO;
				CLANG_ANALYZER_NONNULL = YES;
				CLANG_ANALYZER_NUMBER_OBJECT_CONVERSION = YES_AGGRESSIVE;
				CLANG_CXX_LANGUAGE_STANDARD = "gnu++20";
				CLANG_ENABLE_MODULES = YES;
				CLANG_ENABLE_OBJC_ARC = YES;
				CLANG_ENABLE_OBJC_WEAK = YES;
				CLANG_WARN_BLOCK_CAPTURE_AUTORELEASING = YES;
				CLANG_WARN_BOOL_CONVERSION = YES;
				CLANG_WARN_COMMA = YES;
				CLANG_WARN_CONSTANT_CONVERSION = YES;
				CLANG_WARN_DEPRECATED_OBJC_IMPLEMENTATIONS = YES;
				CLANG_WARN_DIRECT_OBJC_ISA_USAGE = YES_ERROR;
				CLANG_WARN_DOCUMENTATION_COMMENTS = YES;
				CLANG_WARN_EMPTY_BODY = YES;
				CLANG_WARN_ENUM_CONVERSION = YES;
				CLANG_WARN_INFINITE_RECURSION = YES;
				CLANG_WARN_INT_CONVERSION = YES;
				CLANG_WARN_NON_LITERAL_NULL_CONVERSION = YES;
				CLANG_WARN_OBJC_IMPLICIT_RETAIN_SELF = YES;
				CLANG_WARN_OBJC_LITERAL_CONVERSION = YES;
				CLANG_WARN_OBJC_ROOT_CLASS = YES_ERROR;
				CLANG_WARN_QUOTED_INCLUDE_IN_FRAMEWORK_HEADER = YES;
				CLANG_WARN_RANGE_LOOP_ANALYSIS = YES;
				CLANG_WARN_STRICT_PROTOTYPES = YES;
				CLANG_WARN_SUSPICIOUS_MOVE = YES;
				CLANG_WARN_UNGUARDED_AVAILABILITY = YES_AGGRESSIVE;
				CLANG_WARN_UNREACHABLE_CODE = YES;
				CLANG_WARN__DUPLICATE_METHOD_MATCH = YES;
				COPY_PHASE_STRIP = NO;
				DEBUG_INFORMATION_FORMAT = "dwarf-with-dsym";
				ENABLE_NS_ASSERTIONS = NO;
				ENABLE_STRICT_OBJC_MSGSEND = YES;
				GCC_C_LANGUAGE_STANDARD = gnu11;
				GCC_NO_COMMON_BLOCKS = YES;
				GCC_WARN_64_TO_32_BIT_CONVERSION = YES;
				GCC_WARN_ABOUT_RETURN_TYPE = YES_ERROR;
				GCC_WARN_UNDECLARED_SELECTOR = YES;
				GCC_WARN_UNINITIALIZED_AUTOS = YES_AGGRESSIVE;
				GCC_WARN_UNUSED_FUNCTION = YES;
				GCC_WARN_UNUSED_VARIABLE = YES;
				IPHONEOS_DEPLOYMENT_TARGET = 17.0;
				MTL_ENABLE_DEBUG_INFO = NO;
				MTL_FAST_MATH = YES;
				SDKROOT = iphoneos;
				STRAVA_CLIENT_ID = 109187;
				STRAVA_CLIENT_SECRET = e70e27e2db4f1f266586256971fc4ba9e82dc5f7;
				SWIFT_COMPILATION_MODE = wholemodule;
				SWIFT_OPTIMIZATION_LEVEL = "-O";
				VALIDATE_PRODUCT = YES;
			};
			name = Release;
		};
		01DF430729F5457B0066F88F /* Debug */ = {
			isa = XCBuildConfiguration;
			buildSettings = {
				ASSETCATALOG_COMPILER_APPICON_NAME = AppIcon;
				ASSETCATALOG_COMPILER_GLOBAL_ACCENT_COLOR_NAME = AccentColor;
				CLANG_ENABLE_MODULES = YES;
				CODE_SIGN_STYLE = Automatic;
				CURRENT_PROJECT_VERSION = 1;
				DEVELOPMENT_ASSET_PATHS = "\"FitGraphs/Preview Content\"";
				DEVELOPMENT_TEAM = 8K5DK6SMM4;
				ENABLE_PREVIEWS = YES;
				GENERATE_INFOPLIST_FILE = YES;
				INFOPLIST_FILE = FitGraphs/Info.plist;
				INFOPLIST_KEY_UIApplicationSceneManifest_Generation = YES;
				INFOPLIST_KEY_UIApplicationSupportsIndirectInputEvents = YES;
				INFOPLIST_KEY_UILaunchScreen_Generation = YES;
				INFOPLIST_KEY_UISupportedInterfaceOrientations_iPad = "UIInterfaceOrientationPortrait UIInterfaceOrientationPortraitUpsideDown UIInterfaceOrientationLandscapeLeft UIInterfaceOrientationLandscapeRight";
				INFOPLIST_KEY_UISupportedInterfaceOrientations_iPhone = "UIInterfaceOrientationPortrait UIInterfaceOrientationLandscapeLeft UIInterfaceOrientationLandscapeRight";
				IPHONEOS_DEPLOYMENT_TARGET = 17.0;
				LD_RUNPATH_SEARCH_PATHS = (
					"$(inherited)",
					"@executable_path/Frameworks",
				);
				MARKETING_VERSION = 1.0;
				PRODUCT_BUNDLE_IDENTIFIER = pl.szyorz.FitGraphs;
				PRODUCT_NAME = "$(TARGET_NAME)";
				SWIFT_EMIT_LOC_STRINGS = YES;
				SWIFT_OPTIMIZATION_LEVEL = "-Onone";
				SWIFT_VERSION = 5.0;
				TARGETED_DEVICE_FAMILY = "1,2";
			};
			name = Debug;
		};
		01DF430829F5457B0066F88F /* Release */ = {
			isa = XCBuildConfiguration;
			buildSettings = {
				ASSETCATALOG_COMPILER_APPICON_NAME = AppIcon;
				ASSETCATALOG_COMPILER_GLOBAL_ACCENT_COLOR_NAME = AccentColor;
				CLANG_ENABLE_MODULES = YES;
				CODE_SIGN_STYLE = Automatic;
				CURRENT_PROJECT_VERSION = 1;
				DEVELOPMENT_ASSET_PATHS = "\"FitGraphs/Preview Content\"";
				DEVELOPMENT_TEAM = 8K5DK6SMM4;
				ENABLE_PREVIEWS = YES;
				GENERATE_INFOPLIST_FILE = YES;
				INFOPLIST_FILE = FitGraphs/Info.plist;
				INFOPLIST_KEY_UIApplicationSceneManifest_Generation = YES;
				INFOPLIST_KEY_UIApplicationSupportsIndirectInputEvents = YES;
				INFOPLIST_KEY_UILaunchScreen_Generation = YES;
				INFOPLIST_KEY_UISupportedInterfaceOrientations_iPad = "UIInterfaceOrientationPortrait UIInterfaceOrientationPortraitUpsideDown UIInterfaceOrientationLandscapeLeft UIInterfaceOrientationLandscapeRight";
				INFOPLIST_KEY_UISupportedInterfaceOrientations_iPhone = "UIInterfaceOrientationPortrait UIInterfaceOrientationLandscapeLeft UIInterfaceOrientationLandscapeRight";
				IPHONEOS_DEPLOYMENT_TARGET = 17.0;
				LD_RUNPATH_SEARCH_PATHS = (
					"$(inherited)",
					"@executable_path/Frameworks",
				);
				MARKETING_VERSION = 1.0;
				PRODUCT_BUNDLE_IDENTIFIER = pl.szyorz.FitGraphs;
				PRODUCT_NAME = "$(TARGET_NAME)";
				SWIFT_EMIT_LOC_STRINGS = YES;
				SWIFT_VERSION = 5.0;
				TARGETED_DEVICE_FAMILY = "1,2";
			};
			name = Release;
		};
/* End XCBuildConfiguration section */

/* Begin XCConfigurationList section */
		01DF42F329F545790066F88F /* Build configuration list for PBXProject "FitGraphs" */ = {
			isa = XCConfigurationList;
			buildConfigurations = (
				01DF430429F5457B0066F88F /* Debug */,
				01DF430529F5457B0066F88F /* Release */,
			);
			defaultConfigurationIsVisible = 0;
			defaultConfigurationName = Release;
		};
		01DF430629F5457B0066F88F /* Build configuration list for PBXNativeTarget "FitGraphs" */ = {
			isa = XCConfigurationList;
			buildConfigurations = (
				01DF430729F5457B0066F88F /* Debug */,
				01DF430829F5457B0066F88F /* Release */,
			);
			defaultConfigurationIsVisible = 0;
			defaultConfigurationName = Release;
		};
/* End XCConfigurationList section */

/* Begin XCRemoteSwiftPackageReference section */
		012902F12A3DEA0A00DC5712 /* XCRemoteSwiftPackageReference "Alamofire" */ = {
			isa = XCRemoteSwiftPackageReference;
			repositoryURL = "https://github.com/Alamofire/Alamofire";
			requirement = {
				kind = upToNextMajorVersion;
				minimumVersion = 5.7.1;
			};
		};
		012903202A3E3DF600DC5712 /* XCRemoteSwiftPackageReference "OAuth2" */ = {
			isa = XCRemoteSwiftPackageReference;
			repositoryURL = "https://github.com/p2/OAuth2";
			requirement = {
				kind = upToNextMajorVersion;
				minimumVersion = 5.3.2;
			};
		};
		0166006C2A42EBEC00E5E2F8 /* XCRemoteSwiftPackageReference "WrappingHStack" */ = {
			isa = XCRemoteSwiftPackageReference;
			repositoryURL = "https://github.com/dkk/WrappingHStack";
			requirement = {
				kind = upToNextMajorVersion;
				minimumVersion = 2.2.10;
			};
		};
		01B7CD452AAA741E007902AD /* XCRemoteSwiftPackageReference "swift-composable-architecture" */ = {
			isa = XCRemoteSwiftPackageReference;
			repositoryURL = "https://github.com/pointfreeco/swift-composable-architecture";
			requirement = {
				kind = upToNextMajorVersion;
				minimumVersion = 1.2.0;
			};
		};
		01C2B4292AC22B2600078B44 /* XCRemoteSwiftPackageReference "firebase-ios-sdk" */ = {
			isa = XCRemoteSwiftPackageReference;
			repositoryURL = "https://github.com/firebase/firebase-ios-sdk";
			requirement = {
				kind = upToNextMajorVersion;
				minimumVersion = 10.15.0;
			};
		};
		01C2B4692AC4A80700078B44 /* XCRemoteSwiftPackageReference "GoogleSignIn-iOS" */ = {
			isa = XCRemoteSwiftPackageReference;
			repositoryURL = "https://github.com/google/GoogleSignIn-iOS";
			requirement = {
				kind = upToNextMajorVersion;
				minimumVersion = 7.0.0;
			};
		};
		01DAB4F02A3D048400752073 /* XCRemoteSwiftPackageReference "duckdb-swift" */ = {
			isa = XCRemoteSwiftPackageReference;
			repositoryURL = "https://github.com/duckdb/duckdb-swift";
			requirement = {
				kind = upToNextMajorVersion;
				minimumVersion = 0.8.1;
			};
		};
/* End XCRemoteSwiftPackageReference section */

/* Begin XCSwiftPackageProductDependency section */
		012902F22A3DEA0A00DC5712 /* Alamofire */ = {
			isa = XCSwiftPackageProductDependency;
			package = 012902F12A3DEA0A00DC5712 /* XCRemoteSwiftPackageReference "Alamofire" */;
			productName = Alamofire;
		};
		012903212A3E3DF600DC5712 /* OAuth2 */ = {
			isa = XCSwiftPackageProductDependency;
			package = 012903202A3E3DF600DC5712 /* XCRemoteSwiftPackageReference "OAuth2" */;
			productName = OAuth2;
		};
		0166006D2A42EBEC00E5E2F8 /* WrappingHStack */ = {
			isa = XCSwiftPackageProductDependency;
			package = 0166006C2A42EBEC00E5E2F8 /* XCRemoteSwiftPackageReference "WrappingHStack" */;
			productName = WrappingHStack;
		};
		01B7CD462AAA741E007902AD /* ComposableArchitecture */ = {
			isa = XCSwiftPackageProductDependency;
			package = 01B7CD452AAA741E007902AD /* XCRemoteSwiftPackageReference "swift-composable-architecture" */;
			productName = ComposableArchitecture;
		};
		01C2B42A2AC22B2600078B44 /* FirebaseAnalytics */ = {
			isa = XCSwiftPackageProductDependency;
			package = 01C2B4292AC22B2600078B44 /* XCRemoteSwiftPackageReference "firebase-ios-sdk" */;
			productName = FirebaseAnalytics;
		};
		01C2B42C2AC22B2600078B44 /* FirebaseAnalyticsOnDeviceConversion */ = {
			isa = XCSwiftPackageProductDependency;
			package = 01C2B4292AC22B2600078B44 /* XCRemoteSwiftPackageReference "firebase-ios-sdk" */;
			productName = FirebaseAnalyticsOnDeviceConversion;
		};
		01C2B42E2AC22B2600078B44 /* FirebaseAnalyticsSwift */ = {
			isa = XCSwiftPackageProductDependency;
			package = 01C2B4292AC22B2600078B44 /* XCRemoteSwiftPackageReference "firebase-ios-sdk" */;
			productName = FirebaseAnalyticsSwift;
		};
		01C2B4302AC22B2600078B44 /* FirebaseAnalyticsWithoutAdIdSupport */ = {
			isa = XCSwiftPackageProductDependency;
			package = 01C2B4292AC22B2600078B44 /* XCRemoteSwiftPackageReference "firebase-ios-sdk" */;
			productName = FirebaseAnalyticsWithoutAdIdSupport;
		};
		01C2B4322AC22B2600078B44 /* FirebaseAppCheck */ = {
			isa = XCSwiftPackageProductDependency;
			package = 01C2B4292AC22B2600078B44 /* XCRemoteSwiftPackageReference "firebase-ios-sdk" */;
			productName = FirebaseAppCheck;
		};
		01C2B4342AC22B2600078B44 /* FirebaseAppDistribution-Beta */ = {
			isa = XCSwiftPackageProductDependency;
			package = 01C2B4292AC22B2600078B44 /* XCRemoteSwiftPackageReference "firebase-ios-sdk" */;
			productName = "FirebaseAppDistribution-Beta";
		};
		01C2B4362AC22B2600078B44 /* FirebaseAuth */ = {
			isa = XCSwiftPackageProductDependency;
			package = 01C2B4292AC22B2600078B44 /* XCRemoteSwiftPackageReference "firebase-ios-sdk" */;
			productName = FirebaseAuth;
		};
		01C2B4382AC22B2600078B44 /* FirebaseAuthCombine-Community */ = {
			isa = XCSwiftPackageProductDependency;
			package = 01C2B4292AC22B2600078B44 /* XCRemoteSwiftPackageReference "firebase-ios-sdk" */;
			productName = "FirebaseAuthCombine-Community";
		};
		01C2B43A2AC22B2600078B44 /* FirebaseCrashlytics */ = {
			isa = XCSwiftPackageProductDependency;
			package = 01C2B4292AC22B2600078B44 /* XCRemoteSwiftPackageReference "firebase-ios-sdk" */;
			productName = FirebaseCrashlytics;
		};
		01C2B43C2AC22B2600078B44 /* FirebaseDatabase */ = {
			isa = XCSwiftPackageProductDependency;
			package = 01C2B4292AC22B2600078B44 /* XCRemoteSwiftPackageReference "firebase-ios-sdk" */;
			productName = FirebaseDatabase;
		};
		01C2B43E2AC22B2600078B44 /* FirebaseDatabaseSwift */ = {
			isa = XCSwiftPackageProductDependency;
			package = 01C2B4292AC22B2600078B44 /* XCRemoteSwiftPackageReference "firebase-ios-sdk" */;
			productName = FirebaseDatabaseSwift;
		};
		01C2B4402AC22B2600078B44 /* FirebaseDynamicLinks */ = {
			isa = XCSwiftPackageProductDependency;
			package = 01C2B4292AC22B2600078B44 /* XCRemoteSwiftPackageReference "firebase-ios-sdk" */;
			productName = FirebaseDynamicLinks;
		};
		01C2B4422AC22B2600078B44 /* FirebaseFirestore */ = {
			isa = XCSwiftPackageProductDependency;
			package = 01C2B4292AC22B2600078B44 /* XCRemoteSwiftPackageReference "firebase-ios-sdk" */;
			productName = FirebaseFirestore;
		};
		01C2B4442AC22B2600078B44 /* FirebaseFirestoreCombine-Community */ = {
			isa = XCSwiftPackageProductDependency;
			package = 01C2B4292AC22B2600078B44 /* XCRemoteSwiftPackageReference "firebase-ios-sdk" */;
			productName = "FirebaseFirestoreCombine-Community";
		};
		01C2B4462AC22B2600078B44 /* FirebaseFirestoreSwift */ = {
			isa = XCSwiftPackageProductDependency;
			package = 01C2B4292AC22B2600078B44 /* XCRemoteSwiftPackageReference "firebase-ios-sdk" */;
			productName = FirebaseFirestoreSwift;
		};
		01C2B4482AC22B2600078B44 /* FirebaseFunctions */ = {
			isa = XCSwiftPackageProductDependency;
			package = 01C2B4292AC22B2600078B44 /* XCRemoteSwiftPackageReference "firebase-ios-sdk" */;
			productName = FirebaseFunctions;
		};
		01C2B44A2AC22B2600078B44 /* FirebaseFunctionsCombine-Community */ = {
			isa = XCSwiftPackageProductDependency;
			package = 01C2B4292AC22B2600078B44 /* XCRemoteSwiftPackageReference "firebase-ios-sdk" */;
			productName = "FirebaseFunctionsCombine-Community";
		};
		01C2B44C2AC22B2600078B44 /* FirebaseInAppMessaging-Beta */ = {
			isa = XCSwiftPackageProductDependency;
			package = 01C2B4292AC22B2600078B44 /* XCRemoteSwiftPackageReference "firebase-ios-sdk" */;
			productName = "FirebaseInAppMessaging-Beta";
		};
		01C2B44E2AC22B2600078B44 /* FirebaseInAppMessagingSwift-Beta */ = {
			isa = XCSwiftPackageProductDependency;
			package = 01C2B4292AC22B2600078B44 /* XCRemoteSwiftPackageReference "firebase-ios-sdk" */;
			productName = "FirebaseInAppMessagingSwift-Beta";
		};
		01C2B4502AC22B2600078B44 /* FirebaseInstallations */ = {
			isa = XCSwiftPackageProductDependency;
			package = 01C2B4292AC22B2600078B44 /* XCRemoteSwiftPackageReference "firebase-ios-sdk" */;
			productName = FirebaseInstallations;
		};
		01C2B4522AC22B2600078B44 /* FirebaseMLModelDownloader */ = {
			isa = XCSwiftPackageProductDependency;
			package = 01C2B4292AC22B2600078B44 /* XCRemoteSwiftPackageReference "firebase-ios-sdk" */;
			productName = FirebaseMLModelDownloader;
		};
		01C2B4542AC22B2600078B44 /* FirebaseMessaging */ = {
			isa = XCSwiftPackageProductDependency;
			package = 01C2B4292AC22B2600078B44 /* XCRemoteSwiftPackageReference "firebase-ios-sdk" */;
			productName = FirebaseMessaging;
		};
		01C2B4562AC22B2600078B44 /* FirebasePerformance */ = {
			isa = XCSwiftPackageProductDependency;
			package = 01C2B4292AC22B2600078B44 /* XCRemoteSwiftPackageReference "firebase-ios-sdk" */;
			productName = FirebasePerformance;
		};
		01C2B4582AC22B2600078B44 /* FirebaseRemoteConfig */ = {
			isa = XCSwiftPackageProductDependency;
			package = 01C2B4292AC22B2600078B44 /* XCRemoteSwiftPackageReference "firebase-ios-sdk" */;
			productName = FirebaseRemoteConfig;
		};
		01C2B45A2AC22B2600078B44 /* FirebaseRemoteConfigSwift */ = {
			isa = XCSwiftPackageProductDependency;
			package = 01C2B4292AC22B2600078B44 /* XCRemoteSwiftPackageReference "firebase-ios-sdk" */;
			productName = FirebaseRemoteConfigSwift;
		};
		01C2B45C2AC22B2600078B44 /* FirebaseStorage */ = {
			isa = XCSwiftPackageProductDependency;
			package = 01C2B4292AC22B2600078B44 /* XCRemoteSwiftPackageReference "firebase-ios-sdk" */;
			productName = FirebaseStorage;
		};
		01C2B45E2AC22B2600078B44 /* FirebaseStorageCombine-Community */ = {
			isa = XCSwiftPackageProductDependency;
			package = 01C2B4292AC22B2600078B44 /* XCRemoteSwiftPackageReference "firebase-ios-sdk" */;
			productName = "FirebaseStorageCombine-Community";
		};
		01C2B46A2AC4A80700078B44 /* GoogleSignIn */ = {
			isa = XCSwiftPackageProductDependency;
			package = 01C2B4692AC4A80700078B44 /* XCRemoteSwiftPackageReference "GoogleSignIn-iOS" */;
			productName = GoogleSignIn;
		};
		01C2B46C2AC4A80700078B44 /* GoogleSignInSwift */ = {
			isa = XCSwiftPackageProductDependency;
			package = 01C2B4692AC4A80700078B44 /* XCRemoteSwiftPackageReference "GoogleSignIn-iOS" */;
			productName = GoogleSignInSwift;
		};
		01DAB4F12A3D048500752073 /* DuckDB */ = {
			isa = XCSwiftPackageProductDependency;
			package = 01DAB4F02A3D048400752073 /* XCRemoteSwiftPackageReference "duckdb-swift" */;
			productName = DuckDB;
		};
		01E3CE022ADAD52B001068D3 /* GoogleSignIn */ = {
			isa = XCSwiftPackageProductDependency;
			package = 01C2B4692AC4A80700078B44 /* XCRemoteSwiftPackageReference "GoogleSignIn-iOS" */;
			productName = GoogleSignIn;
		};
		01E3CE042ADAD52B001068D3 /* GoogleSignInSwift */ = {
			isa = XCSwiftPackageProductDependency;
			package = 01C2B4692AC4A80700078B44 /* XCRemoteSwiftPackageReference "GoogleSignIn-iOS" */;
			productName = GoogleSignInSwift;
		};
/* End XCSwiftPackageProductDependency section */

/* Begin XCVersionGroup section */
		01E3CDCB2ADAD2CA001068D3 /* FitGraphs.xcdatamodeld */ = {
			isa = XCVersionGroup;
			children = (
				01E3CDCC2ADAD2CA001068D3 /* ChartItemEntity.xcdatamodel */,
			);
			currentVersion = 01E3CDCC2ADAD2CA001068D3 /* ChartItemEntity.xcdatamodel */;
			path = FitGraphs.xcdatamodeld;
			sourceTree = "<group>";
			versionGroupType = wrapper.xcdatamodel;
		};
/* End XCVersionGroup section */
	};
	rootObject = 01DF42F029F545790066F88F /* Project object */;
}
