{
  "pins" : [
    {
      "identity" : "alamofire",
      "kind" : "remoteSourceControl",
      "location" : "https://github.com/Alamofire/Alamofire",
      "state" : {
        "revision" : "bc268c28fb170f494de9e9927c371b8342979ece",
        "version" : "5.7.1"
      }
    },
    {
      "identity" : "csvparser",
      "kind" : "remoteSourceControl",
      "location" : "https://github.com/szymonorz/CSVParser/",
      "state" : {
        "revision" : "9daa70d56b981fdde11ddea00b23cb040c89599d",
        "version" : "2.0.3"
      }
    },
    {
      "identity" : "duckdb-swift",
      "kind" : "remoteSourceControl",
      "location" : "https://github.com/duckdb/duckdb-swift",
      "state" : {
        "revision" : "439899503fa15a06d931947e9d055baaf6a9dd89",
        "version" : "0.8.1"
      }
    },
    {
      "identity" : "oauth2",
      "kind" : "remoteSourceControl",
      "location" : "https://github.com/p2/OAuth2.git",
      "state" : {
        "revision" : "30f46ad74bcbe7013fb340e54f41bc9e6d2ce994",
        "version" : "5.3.2"
      }
    },
    {
      "identity" : "wrappinghstack",
      "kind" : "remoteSourceControl",
      "location" : "https://github.com/dkk/WrappingHStack",
      "state" : {
        "revision" : "f31b8fdc57759c5aa5fc98c70746db5556e73300",
        "version" : "2.2.10"
      }
    }
  ],
  "version" : 2
}
